// !$*UTF8*$!
{
	archiveVersion = 1;
	classes = {
	};
	objectVersion = 54;
	objects = {

/* Begin PBXBuildFile section */
		25D1CC509131174B8FED6A50 /* Pods_iOSAppTests.framework in Frameworks */ = {isa = PBXBuildFile; fileRef = 1090B110F84586CA76094406 /* Pods_iOSAppTests.framework */; };
		7AE52D3C0A4EA507B289CB80 /* Pods_iOSApp_iOSAppUITests.framework in Frameworks */ = {isa = PBXBuildFile; fileRef = 117895BFD56397A270B3169A /* Pods_iOSApp_iOSAppUITests.framework */; };
		B40C0E0E295A932F00C0BC9A /* DemoMixedController.m in Sources */ = {isa = PBXBuildFile; fileRef = B40C0E0D295A932F00C0BC9A /* DemoMixedController.m */; };
		B417238D29504D6D008C568E /* DemoBaseController.m in Sources */ = {isa = PBXBuildFile; fileRef = B417238C29504D6D008C568E /* DemoBaseController.m */; };
		B417239029504E6C008C568E /* DemoBorderController.m in Sources */ = {isa = PBXBuildFile; fileRef = B417238F29504E6C008C568E /* DemoBorderController.m */; };
		B4172393295050B0008C568E /* DemoCornerController.m in Sources */ = {isa = PBXBuildFile; fileRef = B4172392295050B0008C568E /* DemoCornerController.m */; };
		B417239629505498008C568E /* DemoGradientController.m in Sources */ = {isa = PBXBuildFile; fileRef = B417239529505498008C568E /* DemoGradientController.m */; };
		B41723992950613A008C568E /* DemoShadowController.m in Sources */ = {isa = PBXBuildFile; fileRef = B41723982950613A008C568E /* DemoShadowController.m */; };
		B425266E2918B44A00E509BD /* AppDelegate.m in Sources */ = {isa = PBXBuildFile; fileRef = B425266D2918B44A00E509BD /* AppDelegate.m */; };
		B42526792918B44B00E509BD /* Assets.xcassets in Resources */ = {isa = PBXBuildFile; fileRef = B42526782918B44B00E509BD /* Assets.xcassets */; };
		B425267F2918B44B00E509BD /* main.m in Sources */ = {isa = PBXBuildFile; fileRef = B425267E2918B44B00E509BD /* main.m */; };
		B42526892918B44C00E509BD /* iOSAppTests.m in Sources */ = {isa = PBXBuildFile; fileRef = B42526882918B44C00E509BD /* iOSAppTests.m */; };
		B42526932918B44C00E509BD /* iOSAppUITests.m in Sources */ = {isa = PBXBuildFile; fileRef = B42526922918B44C00E509BD /* iOSAppUITests.m */; };
		B42526952918B44C00E509BD /* iOSAppUITestsLaunchTests.m in Sources */ = {isa = PBXBuildFile; fileRef = B42526942918B44C00E509BD /* iOSAppUITestsLaunchTests.m */; };
		B45173762972905B004DA03F /* BookCollectionViewCell.m in Sources */ = {isa = PBXBuildFile; fileRef = B45173752972905B004DA03F /* BookCollectionViewCell.m */; };
		B451737A29729248004DA03F /* BookViewModel.m in Sources */ = {isa = PBXBuildFile; fileRef = B451737929729248004DA03F /* BookViewModel.m */; };
		B451737E297292B6004DA03F /* BookModel.m in Sources */ = {isa = PBXBuildFile; fileRef = B451737D297292B6004DA03F /* BookModel.m */; };
		B4517381297292F9004DA03F /* BookData.m in Sources */ = {isa = PBXBuildFile; fileRef = B4517380297292F9004DA03F /* BookData.m */; };
		B462F311B1F5CCF91D5DDB51 /* Pods_iOSApp.framework in Frameworks */ = {isa = PBXBuildFile; fileRef = 1FF97C20D7BB40226404D10B /* Pods_iOSApp.framework */; };
		B4634DA9296BF65100EBCFB2 /* ZTUIPageView.m in Sources */ = {isa = PBXBuildFile; fileRef = B4634DA8296BF65100EBCFB2 /* ZTUIPageView.m */; };
		B4634DAC296D05A400EBCFB2 /* ZTUITabView.m in Sources */ = {isa = PBXBuildFile; fileRef = B4634DAB296D05A400EBCFB2 /* ZTUITabView.m */; };
		B4634DAF296D05C100EBCFB2 /* ZTUITabChildView.m in Sources */ = {isa = PBXBuildFile; fileRef = B4634DAE296D05C100EBCFB2 /* ZTUITabChildView.m */; };
		B4634DB2296D7AB800EBCFB2 /* ArtcleListController.m in Sources */ = {isa = PBXBuildFile; fileRef = B4634DB1296D7AB800EBCFB2 /* ArtcleListController.m */; };
		B4634DB6296D7B8B00EBCFB2 /* ArtcleListViewModel.m in Sources */ = {isa = PBXBuildFile; fileRef = B4634DB5296D7B8B00EBCFB2 /* ArtcleListViewModel.m */; };
		B4634DBE296D7C9A00EBCFB2 /* ImageHelper.m in Sources */ = {isa = PBXBuildFile; fileRef = B4634DBD296D7C9A00EBCFB2 /* ImageHelper.m */; };
		B4634DC1296D7FCA00EBCFB2 /* ProjectModel.m in Sources */ = {isa = PBXBuildFile; fileRef = B4634DC0296D7FCA00EBCFB2 /* ProjectModel.m */; };
		B4634DC4296D809400EBCFB2 /* CategoryData.m in Sources */ = {isa = PBXBuildFile; fileRef = B4634DC3296D809400EBCFB2 /* CategoryData.m */; };
		B4634DC7296D876B00EBCFB2 /* ProjectViewModel.m in Sources */ = {isa = PBXBuildFile; fileRef = B4634DC6296D876B00EBCFB2 /* ProjectViewModel.m */; };
		B4634DCA296FA06200EBCFB2 /* BaseUINavigationController.m in Sources */ = {isa = PBXBuildFile; fileRef = B4634DC9296FA06200EBCFB2 /* BaseUINavigationController.m */; };
		B4634DD0296FAC2F00EBCFB2 /* BaseUIViewController.m in Sources */ = {isa = PBXBuildFile; fileRef = B4634DCF296FAC2F00EBCFB2 /* BaseUIViewController.m */; };
		B4634DD3296FF22500EBCFB2 /* UIBarHelper.m in Sources */ = {isa = PBXBuildFile; fileRef = B4634DD2296FF22500EBCFB2 /* UIBarHelper.m */; };
		B4634DD6297004DB00EBCFB2 /* UIViewHelper.m in Sources */ = {isa = PBXBuildFile; fileRef = B4634DD5297004DA00EBCFB2 /* UIViewHelper.m */; };
		B4634DD9297006BF00EBCFB2 /* UIScrollView+Common.m in Sources */ = {isa = PBXBuildFile; fileRef = B4634DD8297006BF00EBCFB2 /* UIScrollView+Common.m */; };
		B4634DDC2970FCDC00EBCFB2 /* SystemUtils.m in Sources */ = {isa = PBXBuildFile; fileRef = B4634DDB2970FCDB00EBCFB2 /* SystemUtils.m */; };
		B46651E9295D4772009953B7 /* DemoListController.m in Sources */ = {isa = PBXBuildFile; fileRef = B46651E8295D4772009953B7 /* DemoListController.m */; };
		B46651F7295D6F88009953B7 /* MainController.m in Sources */ = {isa = PBXBuildFile; fileRef = B46651F6295D6F88009953B7 /* MainController.m */; };
		B46651FC295D74C4009953B7 /* HomeController.m in Sources */ = {isa = PBXBuildFile; fileRef = B46651FB295D74C4009953B7 /* HomeController.m */; };
		B4665200295D74DC009953B7 /* BookController.m in Sources */ = {isa = PBXBuildFile; fileRef = B46651FF295D74DC009953B7 /* BookController.m */; };
		B4665204295D74F2009953B7 /* MeController.m in Sources */ = {isa = PBXBuildFile; fileRef = B4665203295D74F2009953B7 /* MeController.m */; };
		B4665208295D750D009953B7 /* ProjectController.m in Sources */ = {isa = PBXBuildFile; fileRef = B4665207295D750D009953B7 /* ProjectController.m */; };
		B466520D295D75F1009953B7 /* KnowledgeController.m in Sources */ = {isa = PBXBuildFile; fileRef = B466520C295D75F1009953B7 /* KnowledgeController.m */; };
		B4665210295D865E009953B7 /* Localizable.strings in Resources */ = {isa = PBXBuildFile; fileRef = B4665212295D865E009953B7 /* Localizable.strings */; };
		B4665217295D8B6A009953B7 /* NSString+Common.m in Sources */ = {isa = PBXBuildFile; fileRef = B4665216295D8B6A009953B7 /* NSString+Common.m */; };
		B466521A295DA398009953B7 /* UIImage+Common.m in Sources */ = {isa = PBXBuildFile; fileRef = B4665219295DA398009953B7 /* UIImage+Common.m */; };
		B466521C295DA619009953B7 /* zh-Hans_image.bundle in Resources */ = {isa = PBXBuildFile; fileRef = B466521B295DA619009953B7 /* zh-Hans_image.bundle */; };
		B4665221295EC3AC009953B7 /* ArtcleData.m in Sources */ = {isa = PBXBuildFile; fileRef = B4665220295EC3AC009953B7 /* ArtcleData.m */; };
		B4665225295ECA15009953B7 /* BannerData.m in Sources */ = {isa = PBXBuildFile; fileRef = B4665224295ECA15009953B7 /* BannerData.m */; };
		B4665229295EDC62009953B7 /* BannerView.m in Sources */ = {isa = PBXBuildFile; fileRef = B4665228295EDC62009953B7 /* BannerView.m */; };
		B466522C295EEF5B009953B7 /* ArtcleCell.m in Sources */ = {isa = PBXBuildFile; fileRef = B466522B295EEF5B009953B7 /* ArtcleCell.m */; };
		B466523529657E1D009953B7 /* HomeModel.m in Sources */ = {isa = PBXBuildFile; fileRef = B466523429657E1C009953B7 /* HomeModel.m */; };
		B4665238296582DC009953B7 /* HttpConfig.m in Sources */ = {isa = PBXBuildFile; fileRef = B4665237296582DC009953B7 /* HttpConfig.m */; };
		B466523C29659254009953B7 /* HomeViewModel.m in Sources */ = {isa = PBXBuildFile; fileRef = B466523B29659253009953B7 /* HomeViewModel.m */; };
		B466523F2966690C009953B7 /* UIImageView+Common.m in Sources */ = {isa = PBXBuildFile; fileRef = B466523E2966690C009953B7 /* UIImageView+Common.m */; };
		B469C4DD2918E18C000C8D45 /* ZTKVO.m in Sources */ = {isa = PBXBuildFile; fileRef = B469C4D12918E18C000C8D45 /* ZTKVO.m */; };
		B469C4E32918FC65000C8D45 /* LaunchController.m in Sources */ = {isa = PBXBuildFile; fileRef = B469C4E22918FC65000C8D45 /* LaunchController.m */; };
		B469C4E829191E9E000C8D45 /* ZTHttpManager.m in Sources */ = {isa = PBXBuildFile; fileRef = B469C4E729191E9E000C8D45 /* ZTHttpManager.m */; };
		B469C4EB2919281A000C8D45 /* ZTResponse.m in Sources */ = {isa = PBXBuildFile; fileRef = B469C4EA2919281A000C8D45 /* ZTResponse.m */; };
		B469C4EE29192856000C8D45 /* ParseHelper.m in Sources */ = {isa = PBXBuildFile; fileRef = B469C4ED29192856000C8D45 /* ParseHelper.m */; };
		B469C4F32919EDCC000C8D45 /* DemoController.m in Sources */ = {isa = PBXBuildFile; fileRef = B469C4F22919EDCC000C8D45 /* DemoController.m */; };
		B469C4F62919EF77000C8D45 /* DemoViewModel.m in Sources */ = {isa = PBXBuildFile; fileRef = B469C4F52919EF77000C8D45 /* DemoViewModel.m */; };
		B469C4F92919EF96000C8D45 /* DemoUserData.m in Sources */ = {isa = PBXBuildFile; fileRef = B469C4F82919EF96000C8D45 /* DemoUserData.m */; };
		B469C4FC2919F0D7000C8D45 /* DemoUserModel.m in Sources */ = {isa = PBXBuildFile; fileRef = B469C4FB2919F0D7000C8D45 /* DemoUserModel.m */; };
		B469C4FF291A0312000C8D45 /* DemoView.m in Sources */ = {isa = PBXBuildFile; fileRef = B469C4FE291A0312000C8D45 /* DemoView.m */; };
		B469C502291A679C000C8D45 /* UserChild.m in Sources */ = {isa = PBXBuildFile; fileRef = B469C501291A679B000C8D45 /* UserChild.m */; };
		B469C505291B8994000C8D45 /* UIViewController+ZTMVVM.m in Sources */ = {isa = PBXBuildFile; fileRef = B469C504291B8993000C8D45 /* UIViewController+ZTMVVM.m */; };
		B469C508291B89C1000C8D45 /* UIView+ZTMVVM.m in Sources */ = {isa = PBXBuildFile; fileRef = B469C507291B89C1000C8D45 /* UIView+ZTMVVM.m */; };
		B4D2605A297549E10002E748 /* NSUserDefaultsUtils.m in Sources */ = {isa = PBXBuildFile; fileRef = B4D26059297549E10002E748 /* NSUserDefaultsUtils.m */; };
		B4D26067297557B10002E748 /* MeViewModel.m in Sources */ = {isa = PBXBuildFile; fileRef = B4D26066297557B10002E748 /* MeViewModel.m */; };
		B4D2606A29755B6C0002E748 /* UserData.m in Sources */ = {isa = PBXBuildFile; fileRef = B4D2606929755B6C0002E748 /* UserData.m */; };
		B4D2606D29755B8D0002E748 /* UserModel.m in Sources */ = {isa = PBXBuildFile; fileRef = B4D2606C29755B8D0002E748 /* UserModel.m */; };
/* End PBXBuildFile section */

/* Begin PBXContainerItemProxy section */
		B42526852918B44C00E509BD /* PBXContainerItemProxy */ = {
			isa = PBXContainerItemProxy;
			containerPortal = B42526612918B44A00E509BD /* Project object */;
			proxyType = 1;
			remoteGlobalIDString = B42526682918B44A00E509BD;
			remoteInfo = iOSApp;
		};
		B425268F2918B44C00E509BD /* PBXContainerItemProxy */ = {
			isa = PBXContainerItemProxy;
			containerPortal = B42526612918B44A00E509BD /* Project object */;
			proxyType = 1;
			remoteGlobalIDString = B42526682918B44A00E509BD;
			remoteInfo = iOSApp;
		};
/* End PBXContainerItemProxy section */

/* Begin PBXFileReference section */
		0AD0CED78B3F695BCB67907A /* Pods-iOSApp-iOSAppUITests.debug.xcconfig */ = {isa = PBXFileReference; includeInIndex = 1; lastKnownFileType = text.xcconfig; name = "Pods-iOSApp-iOSAppUITests.debug.xcconfig"; path = "Target Support Files/Pods-iOSApp-iOSAppUITests/Pods-iOSApp-iOSAppUITests.debug.xcconfig"; sourceTree = "<group>"; };
		1090B110F84586CA76094406 /* Pods_iOSAppTests.framework */ = {isa = PBXFileReference; explicitFileType = wrapper.framework; includeInIndex = 0; path = Pods_iOSAppTests.framework; sourceTree = BUILT_PRODUCTS_DIR; };
		117895BFD56397A270B3169A /* Pods_iOSApp_iOSAppUITests.framework */ = {isa = PBXFileReference; explicitFileType = wrapper.framework; includeInIndex = 0; path = Pods_iOSApp_iOSAppUITests.framework; sourceTree = BUILT_PRODUCTS_DIR; };
		1FF97C20D7BB40226404D10B /* Pods_iOSApp.framework */ = {isa = PBXFileReference; explicitFileType = wrapper.framework; includeInIndex = 0; path = Pods_iOSApp.framework; sourceTree = BUILT_PRODUCTS_DIR; };
		2E5EED5D3A1C7C10147F569C /* Pods-iOSApp.release.xcconfig */ = {isa = PBXFileReference; includeInIndex = 1; lastKnownFileType = text.xcconfig; name = "Pods-iOSApp.release.xcconfig"; path = "Target Support Files/Pods-iOSApp/Pods-iOSApp.release.xcconfig"; sourceTree = "<group>"; };
		35168D9D4B5DEBDAADE90150 /* Pods-iOSApp.debug.xcconfig */ = {isa = PBXFileReference; includeInIndex = 1; lastKnownFileType = text.xcconfig; name = "Pods-iOSApp.debug.xcconfig"; path = "Target Support Files/Pods-iOSApp/Pods-iOSApp.debug.xcconfig"; sourceTree = "<group>"; };
		5C77FC3381DD94CB0A3C1BFD /* Pods-iOSAppTests.debug.xcconfig */ = {isa = PBXFileReference; includeInIndex = 1; lastKnownFileType = text.xcconfig; name = "Pods-iOSAppTests.debug.xcconfig"; path = "Target Support Files/Pods-iOSAppTests/Pods-iOSAppTests.debug.xcconfig"; sourceTree = "<group>"; };
		B40C0E0C295A932F00C0BC9A /* DemoMixedController.h */ = {isa = PBXFileReference; lastKnownFileType = sourcecode.c.h; path = DemoMixedController.h; sourceTree = "<group>"; };
		B40C0E0D295A932F00C0BC9A /* DemoMixedController.m */ = {isa = PBXFileReference; lastKnownFileType = sourcecode.c.objc; path = DemoMixedController.m; sourceTree = "<group>"; };
		B417238B29504D6D008C568E /* DemoBaseController.h */ = {isa = PBXFileReference; lastKnownFileType = sourcecode.c.h; path = DemoBaseController.h; sourceTree = "<group>"; };
		B417238C29504D6D008C568E /* DemoBaseController.m */ = {isa = PBXFileReference; lastKnownFileType = sourcecode.c.objc; path = DemoBaseController.m; sourceTree = "<group>"; };
		B417238E29504E6C008C568E /* DemoBorderController.h */ = {isa = PBXFileReference; lastKnownFileType = sourcecode.c.h; path = DemoBorderController.h; sourceTree = "<group>"; };
		B417238F29504E6C008C568E /* DemoBorderController.m */ = {isa = PBXFileReference; lastKnownFileType = sourcecode.c.objc; path = DemoBorderController.m; sourceTree = "<group>"; };
		B4172391295050B0008C568E /* DemoCornerController.h */ = {isa = PBXFileReference; lastKnownFileType = sourcecode.c.h; path = DemoCornerController.h; sourceTree = "<group>"; };
		B4172392295050B0008C568E /* DemoCornerController.m */ = {isa = PBXFileReference; lastKnownFileType = sourcecode.c.objc; path = DemoCornerController.m; sourceTree = "<group>"; };
		B417239429505498008C568E /* DemoGradientController.h */ = {isa = PBXFileReference; lastKnownFileType = sourcecode.c.h; path = DemoGradientController.h; sourceTree = "<group>"; };
		B417239529505498008C568E /* DemoGradientController.m */ = {isa = PBXFileReference; lastKnownFileType = sourcecode.c.objc; path = DemoGradientController.m; sourceTree = "<group>"; };
		B41723972950613A008C568E /* DemoShadowController.h */ = {isa = PBXFileReference; lastKnownFileType = sourcecode.c.h; path = DemoShadowController.h; sourceTree = "<group>"; };
		B41723982950613A008C568E /* DemoShadowController.m */ = {isa = PBXFileReference; lastKnownFileType = sourcecode.c.objc; path = DemoShadowController.m; sourceTree = "<group>"; };
		B42526692918B44A00E509BD /* iOSApp.app */ = {isa = PBXFileReference; explicitFileType = wrapper.application; includeInIndex = 0; path = iOSApp.app; sourceTree = BUILT_PRODUCTS_DIR; };
		B425266C2918B44A00E509BD /* AppDelegate.h */ = {isa = PBXFileReference; lastKnownFileType = sourcecode.c.h; path = AppDelegate.h; sourceTree = "<group>"; };
		B425266D2918B44A00E509BD /* AppDelegate.m */ = {isa = PBXFileReference; lastKnownFileType = sourcecode.c.objc; path = AppDelegate.m; sourceTree = "<group>"; };
		B42526782918B44B00E509BD /* Assets.xcassets */ = {isa = PBXFileReference; lastKnownFileType = folder.assetcatalog; path = Assets.xcassets; sourceTree = "<group>"; };
		B425267D2918B44B00E509BD /* Info.plist */ = {isa = PBXFileReference; lastKnownFileType = text.plist.xml; path = Info.plist; sourceTree = "<group>"; };
		B425267E2918B44B00E509BD /* main.m */ = {isa = PBXFileReference; lastKnownFileType = sourcecode.c.objc; path = main.m; sourceTree = "<group>"; };
		B42526842918B44C00E509BD /* iOSAppTests.xctest */ = {isa = PBXFileReference; explicitFileType = wrapper.cfbundle; includeInIndex = 0; path = iOSAppTests.xctest; sourceTree = BUILT_PRODUCTS_DIR; };
		B42526882918B44C00E509BD /* iOSAppTests.m */ = {isa = PBXFileReference; lastKnownFileType = sourcecode.c.objc; path = iOSAppTests.m; sourceTree = "<group>"; };
		B425268E2918B44C00E509BD /* iOSAppUITests.xctest */ = {isa = PBXFileReference; explicitFileType = wrapper.cfbundle; includeInIndex = 0; path = iOSAppUITests.xctest; sourceTree = BUILT_PRODUCTS_DIR; };
		B42526922918B44C00E509BD /* iOSAppUITests.m */ = {isa = PBXFileReference; lastKnownFileType = sourcecode.c.objc; path = iOSAppUITests.m; sourceTree = "<group>"; };
		B42526942918B44C00E509BD /* iOSAppUITestsLaunchTests.m */ = {isa = PBXFileReference; lastKnownFileType = sourcecode.c.objc; path = iOSAppUITestsLaunchTests.m; sourceTree = "<group>"; };
		B45173742972905B004DA03F /* BookCollectionViewCell.h */ = {isa = PBXFileReference; lastKnownFileType = sourcecode.c.h; path = BookCollectionViewCell.h; sourceTree = "<group>"; };
		B45173752972905B004DA03F /* BookCollectionViewCell.m */ = {isa = PBXFileReference; lastKnownFileType = sourcecode.c.objc; path = BookCollectionViewCell.m; sourceTree = "<group>"; };
		B451737829729248004DA03F /* BookViewModel.h */ = {isa = PBXFileReference; lastKnownFileType = sourcecode.c.h; path = BookViewModel.h; sourceTree = "<group>"; };
		B451737929729248004DA03F /* BookViewModel.m */ = {isa = PBXFileReference; lastKnownFileType = sourcecode.c.objc; path = BookViewModel.m; sourceTree = "<group>"; };
		B451737C297292B6004DA03F /* BookModel.h */ = {isa = PBXFileReference; lastKnownFileType = sourcecode.c.h; path = BookModel.h; sourceTree = "<group>"; };
		B451737D297292B6004DA03F /* BookModel.m */ = {isa = PBXFileReference; lastKnownFileType = sourcecode.c.objc; path = BookModel.m; sourceTree = "<group>"; };
		B451737F297292F9004DA03F /* BookData.h */ = {isa = PBXFileReference; lastKnownFileType = sourcecode.c.h; path = BookData.h; sourceTree = "<group>"; };
		B4517380297292F9004DA03F /* BookData.m */ = {isa = PBXFileReference; lastKnownFileType = sourcecode.c.objc; path = BookData.m; sourceTree = "<group>"; };
		B4634DA7296BF65100EBCFB2 /* ZTUIPageView.h */ = {isa = PBXFileReference; lastKnownFileType = sourcecode.c.h; path = ZTUIPageView.h; sourceTree = "<group>"; };
		B4634DA8296BF65100EBCFB2 /* ZTUIPageView.m */ = {isa = PBXFileReference; lastKnownFileType = sourcecode.c.objc; path = ZTUIPageView.m; sourceTree = "<group>"; };
		B4634DAA296D05A400EBCFB2 /* ZTUITabView.h */ = {isa = PBXFileReference; lastKnownFileType = sourcecode.c.h; path = ZTUITabView.h; sourceTree = "<group>"; };
		B4634DAB296D05A400EBCFB2 /* ZTUITabView.m */ = {isa = PBXFileReference; lastKnownFileType = sourcecode.c.objc; path = ZTUITabView.m; sourceTree = "<group>"; };
		B4634DAD296D05C000EBCFB2 /* ZTUITabChildView.h */ = {isa = PBXFileReference; lastKnownFileType = sourcecode.c.h; path = ZTUITabChildView.h; sourceTree = "<group>"; };
		B4634DAE296D05C100EBCFB2 /* ZTUITabChildView.m */ = {isa = PBXFileReference; lastKnownFileType = sourcecode.c.objc; path = ZTUITabChildView.m; sourceTree = "<group>"; };
		B4634DB0296D7AB800EBCFB2 /* ArtcleListController.h */ = {isa = PBXFileReference; lastKnownFileType = sourcecode.c.h; path = ArtcleListController.h; sourceTree = "<group>"; };
		B4634DB1296D7AB800EBCFB2 /* ArtcleListController.m */ = {isa = PBXFileReference; lastKnownFileType = sourcecode.c.objc; path = ArtcleListController.m; sourceTree = "<group>"; };
		B4634DB4296D7B8B00EBCFB2 /* ArtcleListViewModel.h */ = {isa = PBXFileReference; lastKnownFileType = sourcecode.c.h; path = ArtcleListViewModel.h; sourceTree = "<group>"; };
		B4634DB5296D7B8B00EBCFB2 /* ArtcleListViewModel.m */ = {isa = PBXFileReference; lastKnownFileType = sourcecode.c.objc; path = ArtcleListViewModel.m; sourceTree = "<group>"; };
		B4634DBC296D7C9A00EBCFB2 /* ImageHelper.h */ = {isa = PBXFileReference; lastKnownFileType = sourcecode.c.h; path = ImageHelper.h; sourceTree = "<group>"; };
		B4634DBD296D7C9A00EBCFB2 /* ImageHelper.m */ = {isa = PBXFileReference; lastKnownFileType = sourcecode.c.objc; path = ImageHelper.m; sourceTree = "<group>"; };
		B4634DBF296D7FCA00EBCFB2 /* ProjectModel.h */ = {isa = PBXFileReference; lastKnownFileType = sourcecode.c.h; path = ProjectModel.h; sourceTree = "<group>"; };
		B4634DC0296D7FCA00EBCFB2 /* ProjectModel.m */ = {isa = PBXFileReference; lastKnownFileType = sourcecode.c.objc; path = ProjectModel.m; sourceTree = "<group>"; };
		B4634DC2296D809400EBCFB2 /* CategoryData.h */ = {isa = PBXFileReference; lastKnownFileType = sourcecode.c.h; path = CategoryData.h; sourceTree = "<group>"; };
		B4634DC3296D809400EBCFB2 /* CategoryData.m */ = {isa = PBXFileReference; lastKnownFileType = sourcecode.c.objc; path = CategoryData.m; sourceTree = "<group>"; };
		B4634DC5296D876B00EBCFB2 /* ProjectViewModel.h */ = {isa = PBXFileReference; lastKnownFileType = sourcecode.c.h; path = ProjectViewModel.h; sourceTree = "<group>"; };
		B4634DC6296D876B00EBCFB2 /* ProjectViewModel.m */ = {isa = PBXFileReference; lastKnownFileType = sourcecode.c.objc; path = ProjectViewModel.m; sourceTree = "<group>"; };
		B4634DC8296FA06100EBCFB2 /* BaseUINavigationController.h */ = {isa = PBXFileReference; lastKnownFileType = sourcecode.c.h; path = BaseUINavigationController.h; sourceTree = "<group>"; };
		B4634DC9296FA06200EBCFB2 /* BaseUINavigationController.m */ = {isa = PBXFileReference; lastKnownFileType = sourcecode.c.objc; path = BaseUINavigationController.m; sourceTree = "<group>"; };
		B4634DCE296FAC2F00EBCFB2 /* BaseUIViewController.h */ = {isa = PBXFileReference; lastKnownFileType = sourcecode.c.h; path = BaseUIViewController.h; sourceTree = "<group>"; };
		B4634DCF296FAC2F00EBCFB2 /* BaseUIViewController.m */ = {isa = PBXFileReference; lastKnownFileType = sourcecode.c.objc; path = BaseUIViewController.m; sourceTree = "<group>"; };
		B4634DD1296FF22500EBCFB2 /* UIBarHelper.h */ = {isa = PBXFileReference; lastKnownFileType = sourcecode.c.h; path = UIBarHelper.h; sourceTree = "<group>"; };
		B4634DD2296FF22500EBCFB2 /* UIBarHelper.m */ = {isa = PBXFileReference; lastKnownFileType = sourcecode.c.objc; path = UIBarHelper.m; sourceTree = "<group>"; };
		B4634DD4297004DA00EBCFB2 /* UIViewHelper.h */ = {isa = PBXFileReference; lastKnownFileType = sourcecode.c.h; path = UIViewHelper.h; sourceTree = "<group>"; };
		B4634DD5297004DA00EBCFB2 /* UIViewHelper.m */ = {isa = PBXFileReference; lastKnownFileType = sourcecode.c.objc; path = UIViewHelper.m; sourceTree = "<group>"; };
		B4634DD7297006BF00EBCFB2 /* UIScrollView+Common.h */ = {isa = PBXFileReference; lastKnownFileType = sourcecode.c.h; path = "UIScrollView+Common.h"; sourceTree = "<group>"; };
		B4634DD8297006BF00EBCFB2 /* UIScrollView+Common.m */ = {isa = PBXFileReference; lastKnownFileType = sourcecode.c.objc; path = "UIScrollView+Common.m"; sourceTree = "<group>"; };
		B4634DDA2970FCDB00EBCFB2 /* SystemUtils.h */ = {isa = PBXFileReference; lastKnownFileType = sourcecode.c.h; path = SystemUtils.h; sourceTree = "<group>"; };
		B4634DDB2970FCDB00EBCFB2 /* SystemUtils.m */ = {isa = PBXFileReference; lastKnownFileType = sourcecode.c.objc; path = SystemUtils.m; sourceTree = "<group>"; };
		B46651E7295D4772009953B7 /* DemoListController.h */ = {isa = PBXFileReference; fileEncoding = 4; lastKnownFileType = sourcecode.c.h; path = DemoListController.h; sourceTree = "<group>"; };
		B46651E8295D4772009953B7 /* DemoListController.m */ = {isa = PBXFileReference; fileEncoding = 4; lastKnownFileType = sourcecode.c.objc; path = DemoListController.m; sourceTree = "<group>"; };
		B46651F5295D6F88009953B7 /* MainController.h */ = {isa = PBXFileReference; lastKnownFileType = sourcecode.c.h; path = MainController.h; sourceTree = "<group>"; };
		B46651F6295D6F88009953B7 /* MainController.m */ = {isa = PBXFileReference; lastKnownFileType = sourcecode.c.objc; path = MainController.m; sourceTree = "<group>"; };
		B46651F8295D72A3009953B7 /* ResValue.h */ = {isa = PBXFileReference; lastKnownFileType = sourcecode.c.h; path = ResValue.h; sourceTree = "<group>"; };
		B46651FA295D74C4009953B7 /* HomeController.h */ = {isa = PBXFileReference; lastKnownFileType = sourcecode.c.h; path = HomeController.h; sourceTree = "<group>"; };
		B46651FB295D74C4009953B7 /* HomeController.m */ = {isa = PBXFileReference; lastKnownFileType = sourcecode.c.objc; path = HomeController.m; sourceTree = "<group>"; };
		B46651FE295D74DC009953B7 /* BookController.h */ = {isa = PBXFileReference; lastKnownFileType = sourcecode.c.h; path = BookController.h; sourceTree = "<group>"; };
		B46651FF295D74DC009953B7 /* BookController.m */ = {isa = PBXFileReference; lastKnownFileType = sourcecode.c.objc; path = BookController.m; sourceTree = "<group>"; };
		B4665202295D74F2009953B7 /* MeController.h */ = {isa = PBXFileReference; lastKnownFileType = sourcecode.c.h; path = MeController.h; sourceTree = "<group>"; };
		B4665203295D74F2009953B7 /* MeController.m */ = {isa = PBXFileReference; lastKnownFileType = sourcecode.c.objc; path = MeController.m; sourceTree = "<group>"; };
		B4665206295D750D009953B7 /* ProjectController.h */ = {isa = PBXFileReference; lastKnownFileType = sourcecode.c.h; path = ProjectController.h; sourceTree = "<group>"; };
		B4665207295D750D009953B7 /* ProjectController.m */ = {isa = PBXFileReference; lastKnownFileType = sourcecode.c.objc; path = ProjectController.m; sourceTree = "<group>"; };
		B466520B295D75F1009953B7 /* KnowledgeController.h */ = {isa = PBXFileReference; lastKnownFileType = sourcecode.c.h; path = KnowledgeController.h; sourceTree = "<group>"; };
		B466520C295D75F1009953B7 /* KnowledgeController.m */ = {isa = PBXFileReference; lastKnownFileType = sourcecode.c.objc; path = KnowledgeController.m; sourceTree = "<group>"; };
		B4665211295D865E009953B7 /* zh-Hans */ = {isa = PBXFileReference; lastKnownFileType = text.plist.strings; name = "zh-Hans"; path = "zh-Hans.lproj/Localizable.strings"; sourceTree = "<group>"; };
		B4665213295D8665009953B7 /* en */ = {isa = PBXFileReference; lastKnownFileType = text.plist.strings; name = en; path = en.lproj/Localizable.strings; sourceTree = "<group>"; };
		B4665215295D8B6A009953B7 /* NSString+Common.h */ = {isa = PBXFileReference; lastKnownFileType = sourcecode.c.h; path = "NSString+Common.h"; sourceTree = "<group>"; };
		B4665216295D8B6A009953B7 /* NSString+Common.m */ = {isa = PBXFileReference; lastKnownFileType = sourcecode.c.objc; path = "NSString+Common.m"; sourceTree = "<group>"; };
		B4665218295DA398009953B7 /* UIImage+Common.h */ = {isa = PBXFileReference; lastKnownFileType = sourcecode.c.h; path = "UIImage+Common.h"; sourceTree = "<group>"; };
		B4665219295DA398009953B7 /* UIImage+Common.m */ = {isa = PBXFileReference; lastKnownFileType = sourcecode.c.objc; path = "UIImage+Common.m"; sourceTree = "<group>"; };
		B466521B295DA619009953B7 /* zh-Hans_image.bundle */ = {isa = PBXFileReference; lastKnownFileType = "wrapper.plug-in"; path = "zh-Hans_image.bundle"; sourceTree = "<group>"; };
		B466521F295EC3AC009953B7 /* ArtcleData.h */ = {isa = PBXFileReference; lastKnownFileType = sourcecode.c.h; path = ArtcleData.h; sourceTree = "<group>"; };
		B4665220295EC3AC009953B7 /* ArtcleData.m */ = {isa = PBXFileReference; lastKnownFileType = sourcecode.c.objc; path = ArtcleData.m; sourceTree = "<group>"; };
		B4665223295ECA15009953B7 /* BannerData.h */ = {isa = PBXFileReference; lastKnownFileType = sourcecode.c.h; path = BannerData.h; sourceTree = "<group>"; };
		B4665224295ECA15009953B7 /* BannerData.m */ = {isa = PBXFileReference; lastKnownFileType = sourcecode.c.objc; path = BannerData.m; sourceTree = "<group>"; };
		B4665227295EDC62009953B7 /* BannerView.h */ = {isa = PBXFileReference; lastKnownFileType = sourcecode.c.h; path = BannerView.h; sourceTree = "<group>"; };
		B4665228295EDC62009953B7 /* BannerView.m */ = {isa = PBXFileReference; lastKnownFileType = sourcecode.c.objc; path = BannerView.m; sourceTree = "<group>"; };
		B466522A295EEF5B009953B7 /* ArtcleCell.h */ = {isa = PBXFileReference; lastKnownFileType = sourcecode.c.h; path = ArtcleCell.h; sourceTree = "<group>"; };
		B466522B295EEF5B009953B7 /* ArtcleCell.m */ = {isa = PBXFileReference; lastKnownFileType = sourcecode.c.objc; path = ArtcleCell.m; sourceTree = "<group>"; };
		B466523329657E1C009953B7 /* HomeModel.h */ = {isa = PBXFileReference; lastKnownFileType = sourcecode.c.h; path = HomeModel.h; sourceTree = "<group>"; };
		B466523429657E1C009953B7 /* HomeModel.m */ = {isa = PBXFileReference; lastKnownFileType = sourcecode.c.objc; path = HomeModel.m; sourceTree = "<group>"; };
		B4665236296582DC009953B7 /* HttpConfig.h */ = {isa = PBXFileReference; lastKnownFileType = sourcecode.c.h; path = HttpConfig.h; sourceTree = "<group>"; };
		B4665237296582DC009953B7 /* HttpConfig.m */ = {isa = PBXFileReference; lastKnownFileType = sourcecode.c.objc; path = HttpConfig.m; sourceTree = "<group>"; };
		B466523A29659253009953B7 /* HomeViewModel.h */ = {isa = PBXFileReference; lastKnownFileType = sourcecode.c.h; path = HomeViewModel.h; sourceTree = "<group>"; };
		B466523B29659253009953B7 /* HomeViewModel.m */ = {isa = PBXFileReference; lastKnownFileType = sourcecode.c.objc; path = HomeViewModel.m; sourceTree = "<group>"; };
		B466523D2966690C009953B7 /* UIImageView+Common.h */ = {isa = PBXFileReference; lastKnownFileType = sourcecode.c.h; path = "UIImageView+Common.h"; sourceTree = "<group>"; };
		B466523E2966690C009953B7 /* UIImageView+Common.m */ = {isa = PBXFileReference; lastKnownFileType = sourcecode.c.objc; path = "UIImageView+Common.m"; sourceTree = "<group>"; };
		B469C4D02918E18C000C8D45 /* ZTKVO.h */ = {isa = PBXFileReference; fileEncoding = 4; lastKnownFileType = sourcecode.c.h; path = ZTKVO.h; sourceTree = "<group>"; };
		B469C4D12918E18C000C8D45 /* ZTKVO.m */ = {isa = PBXFileReference; fileEncoding = 4; lastKnownFileType = sourcecode.c.objc; path = ZTKVO.m; sourceTree = "<group>"; };
		B469C4E02918E2B8000C8D45 /* PrefixHeader.pch */ = {isa = PBXFileReference; lastKnownFileType = sourcecode.c.h; path = PrefixHeader.pch; sourceTree = "<group>"; };
		B469C4E12918FC65000C8D45 /* LaunchController.h */ = {isa = PBXFileReference; lastKnownFileType = sourcecode.c.h; path = LaunchController.h; sourceTree = "<group>"; };
		B469C4E22918FC65000C8D45 /* LaunchController.m */ = {isa = PBXFileReference; lastKnownFileType = sourcecode.c.objc; path = LaunchController.m; sourceTree = "<group>"; };
		B469C4E629191E9E000C8D45 /* ZTHttpManager.h */ = {isa = PBXFileReference; lastKnownFileType = sourcecode.c.h; path = ZTHttpManager.h; sourceTree = "<group>"; };
		B469C4E729191E9E000C8D45 /* ZTHttpManager.m */ = {isa = PBXFileReference; lastKnownFileType = sourcecode.c.objc; path = ZTHttpManager.m; sourceTree = "<group>"; };
		B469C4E92919281A000C8D45 /* ZTResponse.h */ = {isa = PBXFileReference; lastKnownFileType = sourcecode.c.h; path = ZTResponse.h; sourceTree = "<group>"; };
		B469C4EA2919281A000C8D45 /* ZTResponse.m */ = {isa = PBXFileReference; lastKnownFileType = sourcecode.c.objc; path = ZTResponse.m; sourceTree = "<group>"; };
		B469C4EC29192856000C8D45 /* ParseHelper.h */ = {isa = PBXFileReference; lastKnownFileType = sourcecode.c.h; path = ParseHelper.h; sourceTree = "<group>"; };
		B469C4ED29192856000C8D45 /* ParseHelper.m */ = {isa = PBXFileReference; lastKnownFileType = sourcecode.c.objc; path = ParseHelper.m; sourceTree = "<group>"; };
		B469C4F12919EDCC000C8D45 /* DemoController.h */ = {isa = PBXFileReference; lastKnownFileType = sourcecode.c.h; path = DemoController.h; sourceTree = "<group>"; };
		B469C4F22919EDCC000C8D45 /* DemoController.m */ = {isa = PBXFileReference; lastKnownFileType = sourcecode.c.objc; path = DemoController.m; sourceTree = "<group>"; };
		B469C4F42919EF77000C8D45 /* DemoViewModel.h */ = {isa = PBXFileReference; lastKnownFileType = sourcecode.c.h; path = DemoViewModel.h; sourceTree = "<group>"; };
		B469C4F52919EF77000C8D45 /* DemoViewModel.m */ = {isa = PBXFileReference; lastKnownFileType = sourcecode.c.objc; path = DemoViewModel.m; sourceTree = "<group>"; };
		B469C4F72919EF96000C8D45 /* DemoUserData.h */ = {isa = PBXFileReference; lastKnownFileType = sourcecode.c.h; path = DemoUserData.h; sourceTree = "<group>"; };
		B469C4F82919EF96000C8D45 /* DemoUserData.m */ = {isa = PBXFileReference; lastKnownFileType = sourcecode.c.objc; path = DemoUserData.m; sourceTree = "<group>"; };
		B469C4FA2919F0D7000C8D45 /* DemoUserModel.h */ = {isa = PBXFileReference; lastKnownFileType = sourcecode.c.h; path = DemoUserModel.h; sourceTree = "<group>"; };
		B469C4FB2919F0D7000C8D45 /* DemoUserModel.m */ = {isa = PBXFileReference; lastKnownFileType = sourcecode.c.objc; path = DemoUserModel.m; sourceTree = "<group>"; };
		B469C4FD291A0312000C8D45 /* DemoView.h */ = {isa = PBXFileReference; lastKnownFileType = sourcecode.c.h; path = DemoView.h; sourceTree = "<group>"; };
		B469C4FE291A0312000C8D45 /* DemoView.m */ = {isa = PBXFileReference; lastKnownFileType = sourcecode.c.objc; path = DemoView.m; sourceTree = "<group>"; };
		B469C500291A679B000C8D45 /* UserChild.h */ = {isa = PBXFileReference; lastKnownFileType = sourcecode.c.h; path = UserChild.h; sourceTree = "<group>"; };
		B469C501291A679B000C8D45 /* UserChild.m */ = {isa = PBXFileReference; lastKnownFileType = sourcecode.c.objc; path = UserChild.m; sourceTree = "<group>"; };
		B469C503291B8993000C8D45 /* UIViewController+ZTMVVM.h */ = {isa = PBXFileReference; lastKnownFileType = sourcecode.c.h; path = "UIViewController+ZTMVVM.h"; sourceTree = "<group>"; };
		B469C504291B8993000C8D45 /* UIViewController+ZTMVVM.m */ = {isa = PBXFileReference; lastKnownFileType = sourcecode.c.objc; path = "UIViewController+ZTMVVM.m"; sourceTree = "<group>"; };
		B469C506291B89C1000C8D45 /* UIView+ZTMVVM.h */ = {isa = PBXFileReference; lastKnownFileType = sourcecode.c.h; path = "UIView+ZTMVVM.h"; sourceTree = "<group>"; };
		B469C507291B89C1000C8D45 /* UIView+ZTMVVM.m */ = {isa = PBXFileReference; lastKnownFileType = sourcecode.c.objc; path = "UIView+ZTMVVM.m"; sourceTree = "<group>"; };
		B4D26058297549E10002E748 /* NSUserDefaultsUtils.h */ = {isa = PBXFileReference; lastKnownFileType = sourcecode.c.h; path = NSUserDefaultsUtils.h; sourceTree = "<group>"; };
		B4D26059297549E10002E748 /* NSUserDefaultsUtils.m */ = {isa = PBXFileReference; lastKnownFileType = sourcecode.c.objc; path = NSUserDefaultsUtils.m; sourceTree = "<group>"; };
		B4D2605C29754D300002E748 /* CommonValue.h */ = {isa = PBXFileReference; lastKnownFileType = sourcecode.c.h; path = CommonValue.h; sourceTree = "<group>"; };
		B4D26065297557B10002E748 /* MeViewModel.h */ = {isa = PBXFileReference; lastKnownFileType = sourcecode.c.h; path = MeViewModel.h; sourceTree = "<group>"; };
		B4D26066297557B10002E748 /* MeViewModel.m */ = {isa = PBXFileReference; lastKnownFileType = sourcecode.c.objc; path = MeViewModel.m; sourceTree = "<group>"; };
		B4D2606829755B6C0002E748 /* UserData.h */ = {isa = PBXFileReference; lastKnownFileType = sourcecode.c.h; path = UserData.h; sourceTree = "<group>"; };
		B4D2606929755B6C0002E748 /* UserData.m */ = {isa = PBXFileReference; lastKnownFileType = sourcecode.c.objc; path = UserData.m; sourceTree = "<group>"; };
		B4D2606B29755B8D0002E748 /* UserModel.h */ = {isa = PBXFileReference; lastKnownFileType = sourcecode.c.h; path = UserModel.h; sourceTree = "<group>"; };
		B4D2606C29755B8D0002E748 /* UserModel.m */ = {isa = PBXFileReference; lastKnownFileType = sourcecode.c.objc; path = UserModel.m; sourceTree = "<group>"; };
		B56EEB33ED61568700BCDA64 /* Pods-iOSAppTests.release.xcconfig */ = {isa = PBXFileReference; includeInIndex = 1; lastKnownFileType = text.xcconfig; name = "Pods-iOSAppTests.release.xcconfig"; path = "Target Support Files/Pods-iOSAppTests/Pods-iOSAppTests.release.xcconfig"; sourceTree = "<group>"; };
		E0620F9F25D8892207FA4EFC /* Pods-iOSApp-iOSAppUITests.release.xcconfig */ = {isa = PBXFileReference; includeInIndex = 1; lastKnownFileType = text.xcconfig; name = "Pods-iOSApp-iOSAppUITests.release.xcconfig"; path = "Target Support Files/Pods-iOSApp-iOSAppUITests/Pods-iOSApp-iOSAppUITests.release.xcconfig"; sourceTree = "<group>"; };
/* End PBXFileReference section */

/* Begin PBXFrameworksBuildPhase section */
		B42526662918B44A00E509BD /* Frameworks */ = {
			isa = PBXFrameworksBuildPhase;
			buildActionMask = 2147483647;
			files = (
				B462F311B1F5CCF91D5DDB51 /* Pods_iOSApp.framework in Frameworks */,
			);
			runOnlyForDeploymentPostprocessing = 0;
		};
		B42526812918B44C00E509BD /* Frameworks */ = {
			isa = PBXFrameworksBuildPhase;
			buildActionMask = 2147483647;
			files = (
				25D1CC509131174B8FED6A50 /* Pods_iOSAppTests.framework in Frameworks */,
			);
			runOnlyForDeploymentPostprocessing = 0;
		};
		B425268B2918B44C00E509BD /* Frameworks */ = {
			isa = PBXFrameworksBuildPhase;
			buildActionMask = 2147483647;
			files = (
				7AE52D3C0A4EA507B289CB80 /* Pods_iOSApp_iOSAppUITests.framework in Frameworks */,
			);
			runOnlyForDeploymentPostprocessing = 0;
		};
/* End PBXFrameworksBuildPhase section */

/* Begin PBXGroup section */
		08A3336828D1E905B793C1DA /* Frameworks */ = {
			isa = PBXGroup;
			children = (
				1FF97C20D7BB40226404D10B /* Pods_iOSApp.framework */,
				117895BFD56397A270B3169A /* Pods_iOSApp_iOSAppUITests.framework */,
				1090B110F84586CA76094406 /* Pods_iOSAppTests.framework */,
			);
			name = Frameworks;
			sourceTree = "<group>";
		};
		7C7F8C610675E16ECECCF1C5 /* Pods */ = {
			isa = PBXGroup;
			children = (
				35168D9D4B5DEBDAADE90150 /* Pods-iOSApp.debug.xcconfig */,
				2E5EED5D3A1C7C10147F569C /* Pods-iOSApp.release.xcconfig */,
				0AD0CED78B3F695BCB67907A /* Pods-iOSApp-iOSAppUITests.debug.xcconfig */,
				E0620F9F25D8892207FA4EFC /* Pods-iOSApp-iOSAppUITests.release.xcconfig */,
				5C77FC3381DD94CB0A3C1BFD /* Pods-iOSAppTests.debug.xcconfig */,
				B56EEB33ED61568700BCDA64 /* Pods-iOSAppTests.release.xcconfig */,
			);
			path = Pods;
			sourceTree = "<group>";
		};
		B4172381294B17DA008C568E /* ui_style */ = {
			isa = PBXGroup;
			children = (
				B46651E7295D4772009953B7 /* DemoListController.h */,
				B46651E8295D4772009953B7 /* DemoListController.m */,
				B417238B29504D6D008C568E /* DemoBaseController.h */,
				B417238C29504D6D008C568E /* DemoBaseController.m */,
				B417238E29504E6C008C568E /* DemoBorderController.h */,
				B417238F29504E6C008C568E /* DemoBorderController.m */,
				B4172391295050B0008C568E /* DemoCornerController.h */,
				B4172392295050B0008C568E /* DemoCornerController.m */,
				B417239429505498008C568E /* DemoGradientController.h */,
				B417239529505498008C568E /* DemoGradientController.m */,
				B41723972950613A008C568E /* DemoShadowController.h */,
				B41723982950613A008C568E /* DemoShadowController.m */,
				B40C0E0C295A932F00C0BC9A /* DemoMixedController.h */,
				B40C0E0D295A932F00C0BC9A /* DemoMixedController.m */,
			);
			path = ui_style;
			sourceTree = "<group>";
		};
		B42526602918B44A00E509BD = {
			isa = PBXGroup;
			children = (
				B425266B2918B44A00E509BD /* iOSApp */,
				B42526872918B44C00E509BD /* iOSAppTests */,
				B42526912918B44C00E509BD /* iOSAppUITests */,
				B425266A2918B44A00E509BD /* Products */,
				7C7F8C610675E16ECECCF1C5 /* Pods */,
				08A3336828D1E905B793C1DA /* Frameworks */,
			);
			sourceTree = "<group>";
		};
		B425266A2918B44A00E509BD /* Products */ = {
			isa = PBXGroup;
			children = (
				B42526692918B44A00E509BD /* iOSApp.app */,
				B42526842918B44C00E509BD /* iOSAppTests.xctest */,
				B425268E2918B44C00E509BD /* iOSAppUITests.xctest */,
			);
			name = Products;
			sourceTree = "<group>";
		};
		B425266B2918B44A00E509BD /* iOSApp */ = {
			isa = PBXGroup;
			children = (
				B46651EA295D6E86009953B7 /* modules */,
				B469C4EF2919ED7B000C8D45 /* demo */,
				B469C4E429190DBB000C8D45 /* common */,
				B469C4C82918E18C000C8D45 /* mvvm */,
				B425266C2918B44A00E509BD /* AppDelegate.h */,
				B425266D2918B44A00E509BD /* AppDelegate.m */,
				B42526782918B44B00E509BD /* Assets.xcassets */,
				B425267D2918B44B00E509BD /* Info.plist */,
				B425267E2918B44B00E509BD /* main.m */,
				B469C4E02918E2B8000C8D45 /* PrefixHeader.pch */,
				B469C4E12918FC65000C8D45 /* LaunchController.h */,
				B469C4E22918FC65000C8D45 /* LaunchController.m */,
				B4665212295D865E009953B7 /* Localizable.strings */,
				B466521B295DA619009953B7 /* zh-Hans_image.bundle */,
			);
			path = iOSApp;
			sourceTree = "<group>";
		};
		B42526872918B44C00E509BD /* iOSAppTests */ = {
			isa = PBXGroup;
			children = (
				B42526882918B44C00E509BD /* iOSAppTests.m */,
			);
			path = iOSAppTests;
			sourceTree = "<group>";
		};
		B42526912918B44C00E509BD /* iOSAppUITests */ = {
			isa = PBXGroup;
			children = (
				B42526922918B44C00E509BD /* iOSAppUITests.m */,
				B42526942918B44C00E509BD /* iOSAppUITestsLaunchTests.m */,
			);
			path = iOSAppUITests;
			sourceTree = "<group>";
		};
		B45173732972902F004DA03F /* view */ = {
			isa = PBXGroup;
			children = (
				B45173742972905B004DA03F /* BookCollectionViewCell.h */,
				B45173752972905B004DA03F /* BookCollectionViewCell.m */,
			);
			path = view;
			sourceTree = "<group>";
		};
		B45173772972922C004DA03F /* viewModel */ = {
			isa = PBXGroup;
			children = (
				B451737829729248004DA03F /* BookViewModel.h */,
				B451737929729248004DA03F /* BookViewModel.m */,
			);
			path = viewModel;
			sourceTree = "<group>";
		};
		B451737B2972924F004DA03F /* model */ = {
			isa = PBXGroup;
			children = (
				B451737C297292B6004DA03F /* BookModel.h */,
				B451737D297292B6004DA03F /* BookModel.m */,
				B451737F297292F9004DA03F /* BookData.h */,
				B4517380297292F9004DA03F /* BookData.m */,
			);
			path = model;
			sourceTree = "<group>";
		};
		B4634D9D2969525800EBCFB2 /* view */ = {
			isa = PBXGroup;
			children = (
				B4634DA7296BF65100EBCFB2 /* ZTUIPageView.h */,
				B4634DA8296BF65100EBCFB2 /* ZTUIPageView.m */,
				B4634DAA296D05A400EBCFB2 /* ZTUITabView.h */,
				B4634DAB296D05A400EBCFB2 /* ZTUITabView.m */,
				B4634DAD296D05C000EBCFB2 /* ZTUITabChildView.h */,
				B4634DAE296D05C100EBCFB2 /* ZTUITabChildView.m */,
			);
			path = view;
			sourceTree = "<group>";
		};
		B4634DB3296D7B6200EBCFB2 /* viewModel */ = {
			isa = PBXGroup;
			children = (
				B4634DB4296D7B8B00EBCFB2 /* ArtcleListViewModel.h */,
				B4634DB5296D7B8B00EBCFB2 /* ArtcleListViewModel.m */,
				B4634DC5296D876B00EBCFB2 /* ProjectViewModel.h */,
				B4634DC6296D876B00EBCFB2 /* ProjectViewModel.m */,
			);
			path = viewModel;
			sourceTree = "<group>";
		};
		B4634DB7296D7BD300EBCFB2 /* model */ = {
			isa = PBXGroup;
			children = (
				B4634DBF296D7FCA00EBCFB2 /* ProjectModel.h */,
				B4634DC0296D7FCA00EBCFB2 /* ProjectModel.m */,
				B4634DC2296D809400EBCFB2 /* CategoryData.h */,
				B4634DC3296D809400EBCFB2 /* CategoryData.m */,
			);
			path = model;
			sourceTree = "<group>";
		};
		B4634DBB296D7C8000EBCFB2 /* common */ = {
			isa = PBXGroup;
			children = (
				B4634DBC296D7C9A00EBCFB2 /* ImageHelper.h */,
				B4634DBD296D7C9A00EBCFB2 /* ImageHelper.m */,
				B4634DC8296FA06100EBCFB2 /* BaseUINavigationController.h */,
				B4634DC9296FA06200EBCFB2 /* BaseUINavigationController.m */,
				B4634DCE296FAC2F00EBCFB2 /* BaseUIViewController.h */,
				B4634DCF296FAC2F00EBCFB2 /* BaseUIViewController.m */,
				B4634DD1296FF22500EBCFB2 /* UIBarHelper.h */,
				B4634DD2296FF22500EBCFB2 /* UIBarHelper.m */,
				B4634DD4297004DA00EBCFB2 /* UIViewHelper.h */,
				B4634DD5297004DA00EBCFB2 /* UIViewHelper.m */,
				B4634DDA2970FCDB00EBCFB2 /* SystemUtils.h */,
				B4634DDB2970FCDB00EBCFB2 /* SystemUtils.m */,
			);
			path = common;
			sourceTree = "<group>";
		};
		B46651EA295D6E86009953B7 /* modules */ = {
			isa = PBXGroup;
			children = (
				B4634DBB296D7C8000EBCFB2 /* common */,
				B466521D295EC37A009953B7 /* article */,
				B4665209295D75D6009953B7 /* knowledge */,
				B46651F1295D6EDE009953B7 /* project */,
				B46651F0295D6ED5009953B7 /* search */,
				B46651EF295D6EC8009953B7 /* me */,
				B46651EE295D6EC2009953B7 /* book */,
				B46651ED295D6EB8009953B7 /* home */,
				B46651EC295D6EB0009953B7 /* account */,
				B46651EB295D6EA9009953B7 /* main */,
			);
			path = modules;
			sourceTree = "<group>";
		};
		B46651EB295D6EA9009953B7 /* main */ = {
			isa = PBXGroup;
			children = (
				B46651F4295D6F68009953B7 /* model */,
				B46651F3295D6F59009953B7 /* viewModel */,
				B46651F2295D6F4C009953B7 /* controller */,
			);
			path = main;
			sourceTree = "<group>";
		};
		B46651EC295D6EB0009953B7 /* account */ = {
			isa = PBXGroup;
			children = (
			);
			path = account;
			sourceTree = "<group>";
		};
		B46651ED295D6EB8009953B7 /* home */ = {
			isa = PBXGroup;
			children = (
				B466523929659236009953B7 /* viewModel */,
				B4665226295EDC43009953B7 /* view */,
				B4665222295ECA05009953B7 /* model */,
				B46651F9295D74A3009953B7 /* controller */,
			);
			path = home;
			sourceTree = "<group>";
		};
		B46651EE295D6EC2009953B7 /* book */ = {
			isa = PBXGroup;
			children = (
				B451737B2972924F004DA03F /* model */,
				B45173772972922C004DA03F /* viewModel */,
				B45173732972902F004DA03F /* view */,
				B46651FD295D74CB009953B7 /* controller */,
			);
			path = book;
			sourceTree = "<group>";
		};
		B46651EF295D6EC8009953B7 /* me */ = {
			isa = PBXGroup;
			children = (
				B4D2605E297557790002E748 /* model */,
				B4D2605D297557690002E748 /* viewModel */,
				B4665201295D74E2009953B7 /* controller */,
			);
			path = me;
			sourceTree = "<group>";
		};
		B46651F0295D6ED5009953B7 /* search */ = {
			isa = PBXGroup;
			children = (
			);
			path = search;
			sourceTree = "<group>";
		};
		B46651F1295D6EDE009953B7 /* project */ = {
			isa = PBXGroup;
			children = (
				B4634DB7296D7BD300EBCFB2 /* model */,
				B4634DB3296D7B6200EBCFB2 /* viewModel */,
				B4634D9D2969525800EBCFB2 /* view */,
				B4665205295D74F9009953B7 /* controller */,
			);
			path = project;
			sourceTree = "<group>";
		};
		B46651F2295D6F4C009953B7 /* controller */ = {
			isa = PBXGroup;
			children = (
				B46651F5295D6F88009953B7 /* MainController.h */,
				B46651F6295D6F88009953B7 /* MainController.m */,
			);
			path = controller;
			sourceTree = "<group>";
		};
		B46651F3295D6F59009953B7 /* viewModel */ = {
			isa = PBXGroup;
			children = (
			);
			path = viewModel;
			sourceTree = "<group>";
		};
		B46651F4295D6F68009953B7 /* model */ = {
			isa = PBXGroup;
			children = (
			);
			path = model;
			sourceTree = "<group>";
		};
		B46651F9295D74A3009953B7 /* controller */ = {
			isa = PBXGroup;
			children = (
				B46651FA295D74C4009953B7 /* HomeController.h */,
				B46651FB295D74C4009953B7 /* HomeController.m */,
			);
			path = controller;
			sourceTree = "<group>";
		};
		B46651FD295D74CB009953B7 /* controller */ = {
			isa = PBXGroup;
			children = (
				B46651FE295D74DC009953B7 /* BookController.h */,
				B46651FF295D74DC009953B7 /* BookController.m */,
			);
			path = controller;
			sourceTree = "<group>";
		};
		B4665201295D74E2009953B7 /* controller */ = {
			isa = PBXGroup;
			children = (
				B4665202295D74F2009953B7 /* MeController.h */,
				B4665203295D74F2009953B7 /* MeController.m */,
			);
			path = controller;
			sourceTree = "<group>";
		};
		B4665205295D74F9009953B7 /* controller */ = {
			isa = PBXGroup;
			children = (
				B4665206295D750D009953B7 /* ProjectController.h */,
				B4665207295D750D009953B7 /* ProjectController.m */,
				B4634DB0296D7AB800EBCFB2 /* ArtcleListController.h */,
				B4634DB1296D7AB800EBCFB2 /* ArtcleListController.m */,
			);
			path = controller;
			sourceTree = "<group>";
		};
		B4665209295D75D6009953B7 /* knowledge */ = {
			isa = PBXGroup;
			children = (
				B466520A295D75DC009953B7 /* controller */,
			);
			path = knowledge;
			sourceTree = "<group>";
		};
		B466520A295D75DC009953B7 /* controller */ = {
			isa = PBXGroup;
			children = (
				B466520B295D75F1009953B7 /* KnowledgeController.h */,
				B466520C295D75F1009953B7 /* KnowledgeController.m */,
			);
			path = controller;
			sourceTree = "<group>";
		};
		B4665214295D8B1C009953B7 /* category */ = {
			isa = PBXGroup;
			children = (
				B4665215295D8B6A009953B7 /* NSString+Common.h */,
				B4665216295D8B6A009953B7 /* NSString+Common.m */,
				B4665218295DA398009953B7 /* UIImage+Common.h */,
				B4665219295DA398009953B7 /* UIImage+Common.m */,
				B466523D2966690C009953B7 /* UIImageView+Common.h */,
				B466523E2966690C009953B7 /* UIImageView+Common.m */,
				B4634DD7297006BF00EBCFB2 /* UIScrollView+Common.h */,
				B4634DD8297006BF00EBCFB2 /* UIScrollView+Common.m */,
			);
			path = category;
			sourceTree = "<group>";
		};
		B466521D295EC37A009953B7 /* article */ = {
			isa = PBXGroup;
			children = (
				B466521E295EC38C009953B7 /* model */,
			);
			path = article;
			sourceTree = "<group>";
		};
		B466521E295EC38C009953B7 /* model */ = {
			isa = PBXGroup;
			children = (
				B466521F295EC3AC009953B7 /* ArtcleData.h */,
				B4665220295EC3AC009953B7 /* ArtcleData.m */,
			);
			path = model;
			sourceTree = "<group>";
		};
		B4665222295ECA05009953B7 /* model */ = {
			isa = PBXGroup;
			children = (
				B4665223295ECA15009953B7 /* BannerData.h */,
				B4665224295ECA15009953B7 /* BannerData.m */,
				B466523329657E1C009953B7 /* HomeModel.h */,
				B466523429657E1C009953B7 /* HomeModel.m */,
			);
			path = model;
			sourceTree = "<group>";
		};
		B4665226295EDC43009953B7 /* view */ = {
			isa = PBXGroup;
			children = (
				B4665227295EDC62009953B7 /* BannerView.h */,
				B4665228295EDC62009953B7 /* BannerView.m */,
				B466522A295EEF5B009953B7 /* ArtcleCell.h */,
				B466522B295EEF5B009953B7 /* ArtcleCell.m */,
			);
			path = view;
			sourceTree = "<group>";
		};
		B466523929659236009953B7 /* viewModel */ = {
			isa = PBXGroup;
			children = (
				B466523A29659253009953B7 /* HomeViewModel.h */,
				B466523B29659253009953B7 /* HomeViewModel.m */,
			);
			path = viewModel;
			sourceTree = "<group>";
		};
		B469C4C82918E18C000C8D45 /* mvvm */ = {
			isa = PBXGroup;
			children = (
				B469C4D02918E18C000C8D45 /* ZTKVO.h */,
				B469C4D12918E18C000C8D45 /* ZTKVO.m */,
				B469C503291B8993000C8D45 /* UIViewController+ZTMVVM.h */,
				B469C504291B8993000C8D45 /* UIViewController+ZTMVVM.m */,
				B469C506291B89C1000C8D45 /* UIView+ZTMVVM.h */,
				B469C507291B89C1000C8D45 /* UIView+ZTMVVM.m */,
			);
			path = mvvm;
			sourceTree = "<group>";
		};
		B469C4E429190DBB000C8D45 /* common */ = {
			isa = PBXGroup;
			children = (
				B4D26057297549BE0002E748 /* utils */,
				B4665214295D8B1C009953B7 /* category */,
				B469C4E529191E5D000C8D45 /* http */,
				B46651F8295D72A3009953B7 /* ResValue.h */,
				B4D2605C29754D300002E748 /* CommonValue.h */,
			);
			path = common;
			sourceTree = "<group>";
		};
		B469C4E529191E5D000C8D45 /* http */ = {
			isa = PBXGroup;
			children = (
				B469C4E629191E9E000C8D45 /* ZTHttpManager.h */,
				B469C4E729191E9E000C8D45 /* ZTHttpManager.m */,
				B469C4E92919281A000C8D45 /* ZTResponse.h */,
				B469C4EA2919281A000C8D45 /* ZTResponse.m */,
				B469C4EC29192856000C8D45 /* ParseHelper.h */,
				B469C4ED29192856000C8D45 /* ParseHelper.m */,
				B4665236296582DC009953B7 /* HttpConfig.h */,
				B4665237296582DC009953B7 /* HttpConfig.m */,
			);
			path = http;
			sourceTree = "<group>";
		};
		B469C4EF2919ED7B000C8D45 /* demo */ = {
			isa = PBXGroup;
			children = (
				B4172381294B17DA008C568E /* ui_style */,
				B469C4F02919ED98000C8D45 /* mvvm */,
			);
			path = demo;
			sourceTree = "<group>";
		};
		B469C4F02919ED98000C8D45 /* mvvm */ = {
			isa = PBXGroup;
			children = (
				B469C4F12919EDCC000C8D45 /* DemoController.h */,
				B469C4F22919EDCC000C8D45 /* DemoController.m */,
				B469C4F42919EF77000C8D45 /* DemoViewModel.h */,
				B469C4F52919EF77000C8D45 /* DemoViewModel.m */,
				B469C4F72919EF96000C8D45 /* DemoUserData.h */,
				B469C4F82919EF96000C8D45 /* DemoUserData.m */,
				B469C4FA2919F0D7000C8D45 /* DemoUserModel.h */,
				B469C4FB2919F0D7000C8D45 /* DemoUserModel.m */,
				B469C4FD291A0312000C8D45 /* DemoView.h */,
				B469C4FE291A0312000C8D45 /* DemoView.m */,
				B469C500291A679B000C8D45 /* UserChild.h */,
				B469C501291A679B000C8D45 /* UserChild.m */,
			);
			path = mvvm;
			sourceTree = "<group>";
		};
		B4D26057297549BE0002E748 /* utils */ = {
			isa = PBXGroup;
			children = (
				B4D26058297549E10002E748 /* NSUserDefaultsUtils.h */,
				B4D26059297549E10002E748 /* NSUserDefaultsUtils.m */,
			);
			path = utils;
			sourceTree = "<group>";
		};
		B4D2605D297557690002E748 /* viewModel */ = {
			isa = PBXGroup;
			children = (
				B4D26065297557B10002E748 /* MeViewModel.h */,
				B4D26066297557B10002E748 /* MeViewModel.m */,
			);
			path = viewModel;
			sourceTree = "<group>";
		};
		B4D2605E297557790002E748 /* model */ = {
			isa = PBXGroup;
			children = (
				B4D2606829755B6C0002E748 /* UserData.h */,
				B4D2606929755B6C0002E748 /* UserData.m */,
				B4D2606B29755B8D0002E748 /* UserModel.h */,
				B4D2606C29755B8D0002E748 /* UserModel.m */,
			);
			path = model;
			sourceTree = "<group>";
		};
/* End PBXGroup section */

/* Begin PBXNativeTarget section */
		B42526682918B44A00E509BD /* iOSApp */ = {
			isa = PBXNativeTarget;
			buildConfigurationList = B42526982918B44C00E509BD /* Build configuration list for PBXNativeTarget "iOSApp" */;
			buildPhases = (
				7B958917D9561FBE8E28A20E /* [CP] Check Pods Manifest.lock */,
				B42526652918B44A00E509BD /* Sources */,
				B42526662918B44A00E509BD /* Frameworks */,
				B42526672918B44A00E509BD /* Resources */,
				8EDC7BEE72C0F2C2C805F84A /* [CP] Embed Pods Frameworks */,
			);
			buildRules = (
			);
			dependencies = (
			);
			name = iOSApp;
			productName = iOSApp;
			productReference = B42526692918B44A00E509BD /* iOSApp.app */;
			productType = "com.apple.product-type.application";
		};
		B42526832918B44C00E509BD /* iOSAppTests */ = {
			isa = PBXNativeTarget;
			buildConfigurationList = B425269B2918B44C00E509BD /* Build configuration list for PBXNativeTarget "iOSAppTests" */;
			buildPhases = (
				4153D097925BB5CE8DC39318 /* [CP] Check Pods Manifest.lock */,
				B42526802918B44C00E509BD /* Sources */,
				B42526812918B44C00E509BD /* Frameworks */,
				B42526822918B44C00E509BD /* Resources */,
			);
			buildRules = (
			);
			dependencies = (
				B42526862918B44C00E509BD /* PBXTargetDependency */,
			);
			name = iOSAppTests;
			productName = iOSAppTests;
			productReference = B42526842918B44C00E509BD /* iOSAppTests.xctest */;
			productType = "com.apple.product-type.bundle.unit-test";
		};
		B425268D2918B44C00E509BD /* iOSAppUITests */ = {
			isa = PBXNativeTarget;
			buildConfigurationList = B425269E2918B44C00E509BD /* Build configuration list for PBXNativeTarget "iOSAppUITests" */;
			buildPhases = (
				343503CB0C712EB5CCEF7CAB /* [CP] Check Pods Manifest.lock */,
				B425268A2918B44C00E509BD /* Sources */,
				B425268B2918B44C00E509BD /* Frameworks */,
				B425268C2918B44C00E509BD /* Resources */,
				5ED11305EF9E6DDDAE0D5656 /* [CP] Embed Pods Frameworks */,
			);
			buildRules = (
			);
			dependencies = (
				B42526902918B44C00E509BD /* PBXTargetDependency */,
			);
			name = iOSAppUITests;
			productName = iOSAppUITests;
			productReference = B425268E2918B44C00E509BD /* iOSAppUITests.xctest */;
			productType = "com.apple.product-type.bundle.ui-testing";
		};
/* End PBXNativeTarget section */

/* Begin PBXProject section */
		B42526612918B44A00E509BD /* Project object */ = {
			isa = PBXProject;
			attributes = {
				BuildIndependentTargetsInParallel = 1;
				LastUpgradeCheck = 1320;
				TargetAttributes = {
					B42526682918B44A00E509BD = {
						CreatedOnToolsVersion = 13.2.1;
					};
					B42526832918B44C00E509BD = {
						CreatedOnToolsVersion = 13.2.1;
						TestTargetID = B42526682918B44A00E509BD;
					};
					B425268D2918B44C00E509BD = {
						CreatedOnToolsVersion = 13.2.1;
						TestTargetID = B42526682918B44A00E509BD;
					};
				};
			};
			buildConfigurationList = B42526642918B44A00E509BD /* Build configuration list for PBXProject "iOSApp" */;
			compatibilityVersion = "Xcode 12.0";
			developmentRegion = en;
			hasScannedForEncodings = 0;
			knownRegions = (
				en,
				Base,
				"zh-Hans",
			);
			mainGroup = B42526602918B44A00E509BD;
			productRefGroup = B425266A2918B44A00E509BD /* Products */;
			projectDirPath = "";
			projectRoot = "";
			targets = (
				B42526682918B44A00E509BD /* iOSApp */,
				B42526832918B44C00E509BD /* iOSAppTests */,
				B425268D2918B44C00E509BD /* iOSAppUITests */,
			);
		};
/* End PBXProject section */

/* Begin PBXResourcesBuildPhase section */
		B42526672918B44A00E509BD /* Resources */ = {
			isa = PBXResourcesBuildPhase;
			buildActionMask = 2147483647;
			files = (
				B42526792918B44B00E509BD /* Assets.xcassets in Resources */,
				B466521C295DA619009953B7 /* zh-Hans_image.bundle in Resources */,
				B4665210295D865E009953B7 /* Localizable.strings in Resources */,
			);
			runOnlyForDeploymentPostprocessing = 0;
		};
		B42526822918B44C00E509BD /* Resources */ = {
			isa = PBXResourcesBuildPhase;
			buildActionMask = 2147483647;
			files = (
			);
			runOnlyForDeploymentPostprocessing = 0;
		};
		B425268C2918B44C00E509BD /* Resources */ = {
			isa = PBXResourcesBuildPhase;
			buildActionMask = 2147483647;
			files = (
			);
			runOnlyForDeploymentPostprocessing = 0;
		};
/* End PBXResourcesBuildPhase section */

/* Begin PBXShellScriptBuildPhase section */
		343503CB0C712EB5CCEF7CAB /* [CP] Check Pods Manifest.lock */ = {
			isa = PBXShellScriptBuildPhase;
			buildActionMask = 2147483647;
			files = (
			);
			inputFileListPaths = (
			);
			inputPaths = (
				"${PODS_PODFILE_DIR_PATH}/Podfile.lock",
				"${PODS_ROOT}/Manifest.lock",
			);
			name = "[CP] Check Pods Manifest.lock";
			outputFileListPaths = (
			);
			outputPaths = (
				"$(DERIVED_FILE_DIR)/Pods-iOSApp-iOSAppUITests-checkManifestLockResult.txt",
			);
			runOnlyForDeploymentPostprocessing = 0;
			shellPath = /bin/sh;
			shellScript = "diff \"${PODS_PODFILE_DIR_PATH}/Podfile.lock\" \"${PODS_ROOT}/Manifest.lock\" > /dev/null\nif [ $? != 0 ] ; then\n    # print error to STDERR\n    echo \"error: The sandbox is not in sync with the Podfile.lock. Run 'pod install' or update your CocoaPods installation.\" >&2\n    exit 1\nfi\n# This output is used by Xcode 'outputs' to avoid re-running this script phase.\necho \"SUCCESS\" > \"${SCRIPT_OUTPUT_FILE_0}\"\n";
			showEnvVarsInLog = 0;
		};
		4153D097925BB5CE8DC39318 /* [CP] Check Pods Manifest.lock */ = {
			isa = PBXShellScriptBuildPhase;
			buildActionMask = 2147483647;
			files = (
			);
			inputFileListPaths = (
			);
			inputPaths = (
				"${PODS_PODFILE_DIR_PATH}/Podfile.lock",
				"${PODS_ROOT}/Manifest.lock",
			);
			name = "[CP] Check Pods Manifest.lock";
			outputFileListPaths = (
			);
			outputPaths = (
				"$(DERIVED_FILE_DIR)/Pods-iOSAppTests-checkManifestLockResult.txt",
			);
			runOnlyForDeploymentPostprocessing = 0;
			shellPath = /bin/sh;
			shellScript = "diff \"${PODS_PODFILE_DIR_PATH}/Podfile.lock\" \"${PODS_ROOT}/Manifest.lock\" > /dev/null\nif [ $? != 0 ] ; then\n    # print error to STDERR\n    echo \"error: The sandbox is not in sync with the Podfile.lock. Run 'pod install' or update your CocoaPods installation.\" >&2\n    exit 1\nfi\n# This output is used by Xcode 'outputs' to avoid re-running this script phase.\necho \"SUCCESS\" > \"${SCRIPT_OUTPUT_FILE_0}\"\n";
			showEnvVarsInLog = 0;
		};
		5ED11305EF9E6DDDAE0D5656 /* [CP] Embed Pods Frameworks */ = {
			isa = PBXShellScriptBuildPhase;
			buildActionMask = 2147483647;
			files = (
			);
			inputFileListPaths = (
				"${PODS_ROOT}/Target Support Files/Pods-iOSApp-iOSAppUITests/Pods-iOSApp-iOSAppUITests-frameworks-${CONFIGURATION}-input-files.xcfilelist",
			);
			name = "[CP] Embed Pods Frameworks";
			outputFileListPaths = (
				"${PODS_ROOT}/Target Support Files/Pods-iOSApp-iOSAppUITests/Pods-iOSApp-iOSAppUITests-frameworks-${CONFIGURATION}-output-files.xcfilelist",
			);
			runOnlyForDeploymentPostprocessing = 0;
			shellPath = /bin/sh;
			shellScript = "\"${PODS_ROOT}/Target Support Files/Pods-iOSApp-iOSAppUITests/Pods-iOSApp-iOSAppUITests-frameworks.sh\"\n";
			showEnvVarsInLog = 0;
		};
		7B958917D9561FBE8E28A20E /* [CP] Check Pods Manifest.lock */ = {
			isa = PBXShellScriptBuildPhase;
			buildActionMask = 2147483647;
			files = (
			);
			inputFileListPaths = (
			);
			inputPaths = (
				"${PODS_PODFILE_DIR_PATH}/Podfile.lock",
				"${PODS_ROOT}/Manifest.lock",
			);
			name = "[CP] Check Pods Manifest.lock";
			outputFileListPaths = (
			);
			outputPaths = (
				"$(DERIVED_FILE_DIR)/Pods-iOSApp-checkManifestLockResult.txt",
			);
			runOnlyForDeploymentPostprocessing = 0;
			shellPath = /bin/sh;
			shellScript = "diff \"${PODS_PODFILE_DIR_PATH}/Podfile.lock\" \"${PODS_ROOT}/Manifest.lock\" > /dev/null\nif [ $? != 0 ] ; then\n    # print error to STDERR\n    echo \"error: The sandbox is not in sync with the Podfile.lock. Run 'pod install' or update your CocoaPods installation.\" >&2\n    exit 1\nfi\n# This output is used by Xcode 'outputs' to avoid re-running this script phase.\necho \"SUCCESS\" > \"${SCRIPT_OUTPUT_FILE_0}\"\n";
			showEnvVarsInLog = 0;
		};
		8EDC7BEE72C0F2C2C805F84A /* [CP] Embed Pods Frameworks */ = {
			isa = PBXShellScriptBuildPhase;
			buildActionMask = 2147483647;
			files = (
			);
			inputFileListPaths = (
				"${PODS_ROOT}/Target Support Files/Pods-iOSApp/Pods-iOSApp-frameworks-${CONFIGURATION}-input-files.xcfilelist",
			);
			name = "[CP] Embed Pods Frameworks";
			outputFileListPaths = (
				"${PODS_ROOT}/Target Support Files/Pods-iOSApp/Pods-iOSApp-frameworks-${CONFIGURATION}-output-files.xcfilelist",
			);
			runOnlyForDeploymentPostprocessing = 0;
			shellPath = /bin/sh;
			shellScript = "\"${PODS_ROOT}/Target Support Files/Pods-iOSApp/Pods-iOSApp-frameworks.sh\"\n";
			showEnvVarsInLog = 0;
		};
/* End PBXShellScriptBuildPhase section */

/* Begin PBXSourcesBuildPhase section */
		B42526652918B44A00E509BD /* Sources */ = {
			isa = PBXSourcesBuildPhase;
			buildActionMask = 2147483647;
			files = (
				B466520D295D75F1009953B7 /* KnowledgeController.m in Sources */,
				B469C4F32919EDCC000C8D45 /* DemoController.m in Sources */,
				B469C505291B8994000C8D45 /* UIViewController+ZTMVVM.m in Sources */,
				B4634DA9296BF65100EBCFB2 /* ZTUIPageView.m in Sources */,
				B469C4F62919EF77000C8D45 /* DemoViewModel.m in Sources */,
				B466522C295EEF5B009953B7 /* ArtcleCell.m in Sources */,
				B466523529657E1D009953B7 /* HomeModel.m in Sources */,
				B4665200295D74DC009953B7 /* BookController.m in Sources */,
				B4634DD3296FF22500EBCFB2 /* UIBarHelper.m in Sources */,
				B469C4DD2918E18C000C8D45 /* ZTKVO.m in Sources */,
				B46651E9295D4772009953B7 /* DemoListController.m in Sources */,
				B45173762972905B004DA03F /* BookCollectionViewCell.m in Sources */,
				B469C4E32918FC65000C8D45 /* LaunchController.m in Sources */,
				B41723992950613A008C568E /* DemoShadowController.m in Sources */,
				B4634DB2296D7AB800EBCFB2 /* ArtcleListController.m in Sources */,
				B451737A29729248004DA03F /* BookViewModel.m in Sources */,
				B4D2606A29755B6C0002E748 /* UserData.m in Sources */,
				B4D26067297557B10002E748 /* MeViewModel.m in Sources */,
				B4665217295D8B6A009953B7 /* NSString+Common.m in Sources */,
				B469C4FC2919F0D7000C8D45 /* DemoUserModel.m in Sources */,
				B466523C29659254009953B7 /* HomeViewModel.m in Sources */,
				B425266E2918B44A00E509BD /* AppDelegate.m in Sources */,
				B4634DAC296D05A400EBCFB2 /* ZTUITabView.m in Sources */,
				B469C4E829191E9E000C8D45 /* ZTHttpManager.m in Sources */,
				B4665204295D74F2009953B7 /* MeController.m in Sources */,
				B4634DD6297004DB00EBCFB2 /* UIViewHelper.m in Sources */,
				B4634DB6296D7B8B00EBCFB2 /* ArtcleListViewModel.m in Sources */,
				B4172393295050B0008C568E /* DemoCornerController.m in Sources */,
				B46651F7295D6F88009953B7 /* MainController.m in Sources */,
				B4634DC1296D7FCA00EBCFB2 /* ProjectModel.m in Sources */,
				B466521A295DA398009953B7 /* UIImage+Common.m in Sources */,
				B4634DBE296D7C9A00EBCFB2 /* ImageHelper.m in Sources */,
				B469C508291B89C1000C8D45 /* UIView+ZTMVVM.m in Sources */,
				B4517381297292F9004DA03F /* BookData.m in Sources */,
				B4634DC4296D809400EBCFB2 /* CategoryData.m in Sources */,
				B4634DD0296FAC2F00EBCFB2 /* BaseUIViewController.m in Sources */,
				B425267F2918B44B00E509BD /* main.m in Sources */,
				B469C4EE29192856000C8D45 /* ParseHelper.m in Sources */,
				B469C502291A679C000C8D45 /* UserChild.m in Sources */,
				B4665208295D750D009953B7 /* ProjectController.m in Sources */,
				B466523F2966690C009953B7 /* UIImageView+Common.m in Sources */,
				B4D2605A297549E10002E748 /* NSUserDefaultsUtils.m in Sources */,
				B4D2606D29755B8D0002E748 /* UserModel.m in Sources */,
				B46651FC295D74C4009953B7 /* HomeController.m in Sources */,
				B4665225295ECA15009953B7 /* BannerData.m in Sources */,
				B469C4EB2919281A000C8D45 /* ZTResponse.m in Sources */,
				B4634DCA296FA06200EBCFB2 /* BaseUINavigationController.m in Sources */,
				B4634DC7296D876B00EBCFB2 /* ProjectViewModel.m in Sources */,
				B417238D29504D6D008C568E /* DemoBaseController.m in Sources */,
				B4665229295EDC62009953B7 /* BannerView.m in Sources */,
				B4665238296582DC009953B7 /* HttpConfig.m in Sources */,
				B4634DD9297006BF00EBCFB2 /* UIScrollView+Common.m in Sources */,
				B469C4FF291A0312000C8D45 /* DemoView.m in Sources */,
				B40C0E0E295A932F00C0BC9A /* DemoMixedController.m in Sources */,
				B417239029504E6C008C568E /* DemoBorderController.m in Sources */,
				B451737E297292B6004DA03F /* BookModel.m in Sources */,
				B469C4F92919EF96000C8D45 /* DemoUserData.m in Sources */,
				B417239629505498008C568E /* DemoGradientController.m in Sources */,
				B4634DAF296D05C100EBCFB2 /* ZTUITabChildView.m in Sources */,
				B4665221295EC3AC009953B7 /* ArtcleData.m in Sources */,
				B4634DDC2970FCDC00EBCFB2 /* SystemUtils.m in Sources */,
			);
			runOnlyForDeploymentPostprocessing = 0;
		};
		B42526802918B44C00E509BD /* Sources */ = {
			isa = PBXSourcesBuildPhase;
			buildActionMask = 2147483647;
			files = (
				B42526892918B44C00E509BD /* iOSAppTests.m in Sources */,
			);
			runOnlyForDeploymentPostprocessing = 0;
		};
		B425268A2918B44C00E509BD /* Sources */ = {
			isa = PBXSourcesBuildPhase;
			buildActionMask = 2147483647;
			files = (
				B42526952918B44C00E509BD /* iOSAppUITestsLaunchTests.m in Sources */,
				B42526932918B44C00E509BD /* iOSAppUITests.m in Sources */,
			);
			runOnlyForDeploymentPostprocessing = 0;
		};
/* End PBXSourcesBuildPhase section */

/* Begin PBXTargetDependency section */
		B42526862918B44C00E509BD /* PBXTargetDependency */ = {
			isa = PBXTargetDependency;
			target = B42526682918B44A00E509BD /* iOSApp */;
			targetProxy = B42526852918B44C00E509BD /* PBXContainerItemProxy */;
		};
		B42526902918B44C00E509BD /* PBXTargetDependency */ = {
			isa = PBXTargetDependency;
			target = B42526682918B44A00E509BD /* iOSApp */;
			targetProxy = B425268F2918B44C00E509BD /* PBXContainerItemProxy */;
		};
/* End PBXTargetDependency section */

/* Begin PBXVariantGroup section */
		B4665212295D865E009953B7 /* Localizable.strings */ = {
			isa = PBXVariantGroup;
			children = (
				B4665211295D865E009953B7 /* zh-Hans */,
				B4665213295D8665009953B7 /* en */,
			);
			name = Localizable.strings;
			sourceTree = "<group>";
		};
/* End PBXVariantGroup section */

/* Begin XCBuildConfiguration section */
		B42526962918B44C00E509BD /* Debug */ = {
			isa = XCBuildConfiguration;
			buildSettings = {
				ALWAYS_SEARCH_USER_PATHS = NO;
				CLANG_ANALYZER_NONNULL = YES;
				CLANG_ANALYZER_NUMBER_OBJECT_CONVERSION = YES_AGGRESSIVE;
				CLANG_CXX_LANGUAGE_STANDARD = "gnu++17";
				CLANG_CXX_LIBRARY = "libc++";
				CLANG_ENABLE_MODULES = YES;
				CLANG_ENABLE_OBJC_ARC = YES;
				CLANG_ENABLE_OBJC_WEAK = YES;
				CLANG_WARN_BLOCK_CAPTURE_AUTORELEASING = YES;
				CLANG_WARN_BOOL_CONVERSION = YES;
				CLANG_WARN_COMMA = YES;
				CLANG_WARN_CONSTANT_CONVERSION = YES;
				CLANG_WARN_DEPRECATED_OBJC_IMPLEMENTATIONS = YES;
				CLANG_WARN_DIRECT_OBJC_ISA_USAGE = YES_ERROR;
				CLANG_WARN_DOCUMENTATION_COMMENTS = YES;
				CLANG_WARN_EMPTY_BODY = YES;
				CLANG_WARN_ENUM_CONVERSION = YES;
				CLANG_WARN_INFINITE_RECURSION = YES;
				CLANG_WARN_INT_CONVERSION = YES;
				CLANG_WARN_NON_LITERAL_NULL_CONVERSION = YES;
				CLANG_WARN_OBJC_IMPLICIT_RETAIN_SELF = YES;
				CLANG_WARN_OBJC_LITERAL_CONVERSION = YES;
				CLANG_WARN_OBJC_ROOT_CLASS = YES_ERROR;
				CLANG_WARN_QUOTED_INCLUDE_IN_FRAMEWORK_HEADER = YES;
				CLANG_WARN_RANGE_LOOP_ANALYSIS = YES;
				CLANG_WARN_STRICT_PROTOTYPES = YES;
				CLANG_WARN_SUSPICIOUS_MOVE = YES;
				CLANG_WARN_UNGUARDED_AVAILABILITY = YES_AGGRESSIVE;
				CLANG_WARN_UNREACHABLE_CODE = YES;
				CLANG_WARN__DUPLICATE_METHOD_MATCH = YES;
				COPY_PHASE_STRIP = NO;
				DEBUG_INFORMATION_FORMAT = dwarf;
				ENABLE_STRICT_OBJC_MSGSEND = YES;
				ENABLE_TESTABILITY = YES;
				GCC_C_LANGUAGE_STANDARD = gnu11;
				GCC_DYNAMIC_NO_PIC = NO;
				GCC_NO_COMMON_BLOCKS = YES;
				GCC_OPTIMIZATION_LEVEL = 0;
				GCC_PREFIX_HEADER = "$(SRCROOT)/iOSApp/PrefixHeader.pch";
				GCC_PREPROCESSOR_DEFINITIONS = (
					"DEBUG=1",
					"$(inherited)",
				);
				GCC_WARN_64_TO_32_BIT_CONVERSION = YES;
				GCC_WARN_ABOUT_RETURN_TYPE = YES_ERROR;
				GCC_WARN_UNDECLARED_SELECTOR = YES;
				GCC_WARN_UNINITIALIZED_AUTOS = YES_AGGRESSIVE;
				GCC_WARN_UNUSED_FUNCTION = YES;
				GCC_WARN_UNUSED_VARIABLE = YES;
				IPHONEOS_DEPLOYMENT_TARGET = 9.0;
				MTL_ENABLE_DEBUG_INFO = INCLUDE_SOURCE;
				MTL_FAST_MATH = YES;
				ONLY_ACTIVE_ARCH = YES;
				SDKROOT = iphoneos;
			};
			name = Debug;
		};
		B42526972918B44C00E509BD /* Release */ = {
			isa = XCBuildConfiguration;
			buildSettings = {
				ALWAYS_SEARCH_USER_PATHS = NO;
				CLANG_ANALYZER_NONNULL = YES;
				CLANG_ANALYZER_NUMBER_OBJECT_CONVERSION = YES_AGGRESSIVE;
				CLANG_CXX_LANGUAGE_STANDARD = "gnu++17";
				CLANG_CXX_LIBRARY = "libc++";
				CLANG_ENABLE_MODULES = YES;
				CLANG_ENABLE_OBJC_ARC = YES;
				CLANG_ENABLE_OBJC_WEAK = YES;
				CLANG_WARN_BLOCK_CAPTURE_AUTORELEASING = YES;
				CLANG_WARN_BOOL_CONVERSION = YES;
				CLANG_WARN_COMMA = YES;
				CLANG_WARN_CONSTANT_CONVERSION = YES;
				CLANG_WARN_DEPRECATED_OBJC_IMPLEMENTATIONS = YES;
				CLANG_WARN_DIRECT_OBJC_ISA_USAGE = YES_ERROR;
				CLANG_WARN_DOCUMENTATION_COMMENTS = YES;
				CLANG_WARN_EMPTY_BODY = YES;
				CLANG_WARN_ENUM_CONVERSION = YES;
				CLANG_WARN_INFINITE_RECURSION = YES;
				CLANG_WARN_INT_CONVERSION = YES;
				CLANG_WARN_NON_LITERAL_NULL_CONVERSION = YES;
				CLANG_WARN_OBJC_IMPLICIT_RETAIN_SELF = YES;
				CLANG_WARN_OBJC_LITERAL_CONVERSION = YES;
				CLANG_WARN_OBJC_ROOT_CLASS = YES_ERROR;
				CLANG_WARN_QUOTED_INCLUDE_IN_FRAMEWORK_HEADER = YES;
				CLANG_WARN_RANGE_LOOP_ANALYSIS = YES;
				CLANG_WARN_STRICT_PROTOTYPES = YES;
				CLANG_WARN_SUSPICIOUS_MOVE = YES;
				CLANG_WARN_UNGUARDED_AVAILABILITY = YES_AGGRESSIVE;
				CLANG_WARN_UNREACHABLE_CODE = YES;
				CLANG_WARN__DUPLICATE_METHOD_MATCH = YES;
				COPY_PHASE_STRIP = NO;
				DEBUG_INFORMATION_FORMAT = "dwarf-with-dsym";
				ENABLE_NS_ASSERTIONS = NO;
				ENABLE_STRICT_OBJC_MSGSEND = YES;
				GCC_C_LANGUAGE_STANDARD = gnu11;
				GCC_NO_COMMON_BLOCKS = YES;
				GCC_PREFIX_HEADER = "$(SRCROOT)/iOSApp/PrefixHeader.pch";
				GCC_WARN_64_TO_32_BIT_CONVERSION = YES;
				GCC_WARN_ABOUT_RETURN_TYPE = YES_ERROR;
				GCC_WARN_UNDECLARED_SELECTOR = YES;
				GCC_WARN_UNINITIALIZED_AUTOS = YES_AGGRESSIVE;
				GCC_WARN_UNUSED_FUNCTION = YES;
				GCC_WARN_UNUSED_VARIABLE = YES;
				IPHONEOS_DEPLOYMENT_TARGET = 9.0;
				MTL_ENABLE_DEBUG_INFO = NO;
				MTL_FAST_MATH = YES;
				SDKROOT = iphoneos;
				VALIDATE_PRODUCT = YES;
			};
			name = Release;
		};
		B42526992918B44C00E509BD /* Debug */ = {
			isa = XCBuildConfiguration;
			baseConfigurationReference = 35168D9D4B5DEBDAADE90150 /* Pods-iOSApp.debug.xcconfig */;
			buildSettings = {
				ASSETCATALOG_COMPILER_APPICON_NAME = AppIcon;
				ASSETCATALOG_COMPILER_GLOBAL_ACCENT_COLOR_NAME = AccentColor;
				CODE_SIGN_STYLE = Automatic;
				CURRENT_PROJECT_VERSION = 1;
				DEVELOPMENT_TEAM = QZ8P3DHUSD;
				GENERATE_INFOPLIST_FILE = YES;
				INFOPLIST_FILE = iOSApp/Info.plist;
				INFOPLIST_KEY_UIApplicationSupportsIndirectInputEvents = YES;
				INFOPLIST_KEY_UILaunchStoryboardName = LaunchScreen;
				INFOPLIST_KEY_UIMainStoryboardFile = "";
				INFOPLIST_KEY_UISupportedInterfaceOrientations_iPad = "UIInterfaceOrientationPortrait UIInterfaceOrientationPortraitUpsideDown UIInterfaceOrientationLandscapeLeft UIInterfaceOrientationLandscapeRight";
				INFOPLIST_KEY_UISupportedInterfaceOrientations_iPhone = "UIInterfaceOrientationPortrait UIInterfaceOrientationLandscapeLeft UIInterfaceOrientationLandscapeRight";
				LD_RUNPATH_SEARCH_PATHS = (
					"$(inherited)",
					"@executable_path/Frameworks",
				);
				MARKETING_VERSION = 1.0;
				PRODUCT_BUNDLE_IDENTIFIER = com.zt.iOSApp;
				PRODUCT_NAME = "$(TARGET_NAME)";
				SWIFT_EMIT_LOC_STRINGS = YES;
				TARGETED_DEVICE_FAMILY = "1,2";
			};
			name = Debug;
		};
		B425269A2918B44C00E509BD /* Release */ = {
			isa = XCBuildConfiguration;
			baseConfigurationReference = 2E5EED5D3A1C7C10147F569C /* Pods-iOSApp.release.xcconfig */;
			buildSettings = {
				ASSETCATALOG_COMPILER_APPICON_NAME = AppIcon;
				ASSETCATALOG_COMPILER_GLOBAL_ACCENT_COLOR_NAME = AccentColor;
				CODE_SIGN_STYLE = Automatic;
				CURRENT_PROJECT_VERSION = 1;
				DEVELOPMENT_TEAM = QZ8P3DHUSD;
				GENERATE_INFOPLIST_FILE = YES;
				INFOPLIST_FILE = iOSApp/Info.plist;
				INFOPLIST_KEY_UIApplicationSupportsIndirectInputEvents = YES;
				INFOPLIST_KEY_UILaunchStoryboardName = LaunchScreen;
				INFOPLIST_KEY_UIMainStoryboardFile = "";
				INFOPLIST_KEY_UISupportedInterfaceOrientations_iPad = "UIInterfaceOrientationPortrait UIInterfaceOrientationPortraitUpsideDown UIInterfaceOrientationLandscapeLeft UIInterfaceOrientationLandscapeRight";
				INFOPLIST_KEY_UISupportedInterfaceOrientations_iPhone = "UIInterfaceOrientationPortrait UIInterfaceOrientationLandscapeLeft UIInterfaceOrientationLandscapeRight";
				LD_RUNPATH_SEARCH_PATHS = (
					"$(inherited)",
					"@executable_path/Frameworks",
				);
				MARKETING_VERSION = 1.0;
				PRODUCT_BUNDLE_IDENTIFIER = com.zt.iOSApp;
				PRODUCT_NAME = "$(TARGET_NAME)";
				SWIFT_EMIT_LOC_STRINGS = YES;
				TARGETED_DEVICE_FAMILY = "1,2";
			};
			name = Release;
		};
		B425269C2918B44C00E509BD /* Debug */ = {
			isa = XCBuildConfiguration;
			baseConfigurationReference = 5C77FC3381DD94CB0A3C1BFD /* Pods-iOSAppTests.debug.xcconfig */;
			buildSettings = {
				BUNDLE_LOADER = "$(TEST_HOST)";
				CODE_SIGN_STYLE = Automatic;
				CURRENT_PROJECT_VERSION = 1;
				DEVELOPMENT_TEAM = JKNJAB78PB;
				GENERATE_INFOPLIST_FILE = YES;
				IPHONEOS_DEPLOYMENT_TARGET = 15.2;
				MARKETING_VERSION = 1.0;
				PRODUCT_BUNDLE_IDENTIFIER = com.zt.iOSAppTests;
				PRODUCT_NAME = "$(TARGET_NAME)";
				SWIFT_EMIT_LOC_STRINGS = NO;
				TARGETED_DEVICE_FAMILY = "1,2";
				TEST_HOST = "$(BUILT_PRODUCTS_DIR)/iOSApp.app/iOSApp";
			};
			name = Debug;
		};
		B425269D2918B44C00E509BD /* Release */ = {
			isa = XCBuildConfiguration;
			baseConfigurationReference = B56EEB33ED61568700BCDA64 /* Pods-iOSAppTests.release.xcconfig */;
			buildSettings = {
				BUNDLE_LOADER = "$(TEST_HOST)";
				CODE_SIGN_STYLE = Automatic;
				CURRENT_PROJECT_VERSION = 1;
				DEVELOPMENT_TEAM = JKNJAB78PB;
				GENERATE_INFOPLIST_FILE = YES;
				IPHONEOS_DEPLOYMENT_TARGET = 15.2;
				MARKETING_VERSION = 1.0;
				PRODUCT_BUNDLE_IDENTIFIER = com.zt.iOSAppTests;
				PRODUCT_NAME = "$(TARGET_NAME)";
				SWIFT_EMIT_LOC_STRINGS = NO;
				TARGETED_DEVICE_FAMILY = "1,2";
				TEST_HOST = "$(BUILT_PRODUCTS_DIR)/iOSApp.app/iOSApp";
			};
			name = Release;
		};
		B425269F2918B44C00E509BD /* Debug */ = {
			isa = XCBuildConfiguration;
			baseConfigurationReference = 0AD0CED78B3F695BCB67907A /* Pods-iOSApp-iOSAppUITests.debug.xcconfig */;
			buildSettings = {
				CODE_SIGN_STYLE = Automatic;
				CURRENT_PROJECT_VERSION = 1;
				DEVELOPMENT_TEAM = JKNJAB78PB;
				GENERATE_INFOPLIST_FILE = YES;
				MARKETING_VERSION = 1.0;
				PRODUCT_BUNDLE_IDENTIFIER = com.zt.iOSAppUITests;
				PRODUCT_NAME = "$(TARGET_NAME)";
				SWIFT_EMIT_LOC_STRINGS = NO;
				TARGETED_DEVICE_FAMILY = "1,2";
				TEST_TARGET_NAME = iOSApp;
			};
			name = Debug;
		};
		B42526A02918B44C00E509BD /* Release */ = {
			isa = XCBuildConfiguration;
			baseConfigurationReference = E0620F9F25D8892207FA4EFC /* Pods-iOSApp-iOSAppUITests.release.xcconfig */;
			buildSettings = {
				CODE_SIGN_STYLE = Automatic;
				CURRENT_PROJECT_VERSION = 1;
				DEVELOPMENT_TEAM = JKNJAB78PB;
				GENERATE_INFOPLIST_FILE = YES;
				MARKETING_VERSION = 1.0;
				PRODUCT_BUNDLE_IDENTIFIER = com.zt.iOSAppUITests;
				PRODUCT_NAME = "$(TARGET_NAME)";
				SWIFT_EMIT_LOC_STRINGS = NO;
				TARGETED_DEVICE_FAMILY = "1,2";
				TEST_TARGET_NAME = iOSApp;
			};
			name = Release;
		};
/* End XCBuildConfiguration section */

/* Begin XCConfigurationList section */
		B42526642918B44A00E509BD /* Build configuration list for PBXProject "iOSApp" */ = {
			isa = XCConfigurationList;
			buildConfigurations = (
				B42526962918B44C00E509BD /* Debug */,
				B42526972918B44C00E509BD /* Release */,
			);
			defaultConfigurationIsVisible = 0;
			defaultConfigurationName = Release;
		};
		B42526982918B44C00E509BD /* Build configuration list for PBXNativeTarget "iOSApp" */ = {
			isa = XCConfigurationList;
			buildConfigurations = (
				B42526992918B44C00E509BD /* Debug */,
				B425269A2918B44C00E509BD /* Release */,
			);
			defaultConfigurationIsVisible = 0;
			defaultConfigurationName = Release;
		};
		B425269B2918B44C00E509BD /* Build configuration list for PBXNativeTarget "iOSAppTests" */ = {
			isa = XCConfigurationList;
			buildConfigurations = (
				B425269C2918B44C00E509BD /* Debug */,
				B425269D2918B44C00E509BD /* Release */,
			);
			defaultConfigurationIsVisible = 0;
			defaultConfigurationName = Release;
		};
		B425269E2918B44C00E509BD /* Build configuration list for PBXNativeTarget "iOSAppUITests" */ = {
			isa = XCConfigurationList;
			buildConfigurations = (
				B425269F2918B44C00E509BD /* Debug */,
				B42526A02918B44C00E509BD /* Release */,
			);
			defaultConfigurationIsVisible = 0;
			defaultConfigurationName = Release;
		};
/* End XCConfigurationList section */
	};
	rootObject = B42526612918B44A00E509BD /* Project object */;
}
